<?xml version="1.0"?>
<plist version="1.0">
	<dict>
		<key>archiveVersion</key>
		<string>1</string>
		<key>classes</key>
		<dict />
		<key>objectVersion</key>
		<string>46</string>
		<key>objects</key>
		<dict>
			<key>545BFEE5A19087518496E6DE</key>
			<dict>
				<key>explicitFileType</key>
				<string>sourcecode.c.h</string>
				<key>fileEncoding</key>
				<string>4</string>
				<key>isa</key>
				<string>PBXFileReference</string>
				<key>name</key>
				<string>ofxPanel.h</string>
				<key>path</key>
				<string>../../../../../../../OpenFrameworks/of_v0.10.0_osx_release/addons/ofxGui/src/ofxPanel.h</string>
				<key>sourceTree</key>
				<string>SOURCE_ROOT</string>
			</dict>
			<key>557376984B8FFC42634316DF</key>
			<dict>
				<key>explicitFileType</key>
				<string>sourcecode.c.h</string>
				<key>fileEncoding</key>
				<string>4</string>
				<key>isa</key>
				<string>PBXFileReference</string>
				<key>name</key>
				<string>ofxColorPicker.h</string>
				<key>path</key>
				<string>../../../../../../../OpenFrameworks/of_v0.10.0_osx_release/addons/ofxGui/src/ofxColorPicker.h</string>
				<key>sourceTree</key>
				<string>SOURCE_ROOT</string>
			</dict>
			<key>9B2E8F7F432049A82BE2EB48</key>
			<dict>
				<key>fileRef</key>
				<string>FAF103539BDFED9212828686</string>
				<key>isa</key>
				<string>PBXBuildFile</string>
			</dict>
			<key>FAF103539BDFED9212828686</key>
			<dict>
				<key>explicitFileType</key>
				<string>sourcecode.cpp.cpp</string>
				<key>fileEncoding</key>
				<string>4</string>
				<key>isa</key>
				<string>PBXFileReference</string>
				<key>name</key>
				<string>ofxSlider.cpp</string>
				<key>path</key>
				<string>../../../../../../../OpenFrameworks/of_v0.10.0_osx_release/addons/ofxGui/src/ofxSlider.cpp</string>
				<key>sourceTree</key>
				<string>SOURCE_ROOT</string>
			</dict>
			<key>6A7BB105C8348850AFBE068C</key>
			<dict>
				<key>fileRef</key>
				<string>2E80B86AEC8876552B93ABD3</string>
				<key>isa</key>
				<string>PBXBuildFile</string>
			</dict>
			<key>2E80B86AEC8876552B93ABD3</key>
			<dict>
				<key>explicitFileType</key>
				<string>sourcecode.cpp.cpp</string>
				<key>fileEncoding</key>
				<string>4</string>
				<key>isa</key>
				<string>PBXFileReference</string>
				<key>name</key>
				<string>ofxPanel.cpp</string>
				<key>path</key>
				<string>../../../../../../../OpenFrameworks/of_v0.10.0_osx_release/addons/ofxGui/src/ofxPanel.cpp</string>
				<key>sourceTree</key>
				<string>SOURCE_ROOT</string>
			</dict>
			<key>37B17D77774B1B7F691B0F95</key>
			<dict>
				<key>explicitFileType</key>
				<string>sourcecode.c.h</string>
				<key>fileEncoding</key>
				<string>4</string>
				<key>isa</key>
				<string>PBXFileReference</string>
				<key>name</key>
				<string>ofxSliderGroup.h</string>
				<key>path</key>
				<string>../../../../../../../OpenFrameworks/of_v0.10.0_osx_release/addons/ofxGui/src/ofxSliderGroup.h</string>
				<key>sourceTree</key>
				<string>SOURCE_ROOT</string>
			</dict>
			<key>9E7500826BD1FDF7B7414790</key>
			<dict>
				<key>explicitFileType</key>
				<string>sourcecode.c.h</string>
				<key>fileEncoding</key>
				<string>4</string>
				<key>isa</key>
				<string>PBXFileReference</string>
				<key>name</key>
				<string>ofxInputField.h</string>
				<key>path</key>
				<string>../../../../../../../OpenFrameworks/of_v0.10.0_osx_release/addons/ofxGui/src/ofxInputField.h</string>
				<key>sourceTree</key>
				<string>SOURCE_ROOT</string>
			</dict>
			<key>2926A3B5C4793281EDE89656</key>
			<dict>
				<key>explicitFileType</key>
				<string>sourcecode.c.h</string>
				<key>fileEncoding</key>
				<string>4</string>
				<key>isa</key>
				<string>PBXFileReference</string>
				<key>name</key>
				<string>ofxLabel.h</string>
				<key>path</key>
				<string>../../../../../../../OpenFrameworks/of_v0.10.0_osx_release/addons/ofxGui/src/ofxLabel.h</string>
				<key>sourceTree</key>
				<string>SOURCE_ROOT</string>
			</dict>
			<key>FBC457940F5C0E34B41AF3FE</key>
			<dict>
				<key>explicitFileType</key>
				<string>sourcecode.c.h</string>
				<key>fileEncoding</key>
				<string>4</string>
				<key>isa</key>
				<string>PBXFileReference</string>
				<key>name</key>
				<string>ofxButton.h</string>
				<key>path</key>
				<string>../../../../../../../OpenFrameworks/of_v0.10.0_osx_release/addons/ofxGui/src/ofxButton.h</string>
				<key>sourceTree</key>
				<string>SOURCE_ROOT</string>
			</dict>
			<key>509033F58DF6E0C855220D2F</key>
			<dict>
				<key>explicitFileType</key>
				<string>sourcecode.c.h</string>
				<key>fileEncoding</key>
				<string>4</string>
				<key>isa</key>
				<string>PBXFileReference</string>
				<key>name</key>
				<string>ofxBaseGui.h</string>
				<key>path</key>
				<string>../../../../../../../OpenFrameworks/of_v0.10.0_osx_release/addons/ofxGui/src/ofxBaseGui.h</string>
				<key>sourceTree</key>
				<string>SOURCE_ROOT</string>
			</dict>
			<key>4D18953ADDCC6C9929FB77BF</key>
			<dict>
				<key>explicitFileType</key>
				<string>sourcecode.c.h</string>
				<key>fileEncoding</key>
				<string>4</string>
				<key>isa</key>
				<string>PBXFileReference</string>
				<key>name</key>
				<string>ofxGui.h</string>
				<key>path</key>
				<string>../../../../../../../OpenFrameworks/of_v0.10.0_osx_release/addons/ofxGui/src/ofxGui.h</string>
				<key>sourceTree</key>
				<string>SOURCE_ROOT</string>
			</dict>
			<key>8BFEC72BD35D76632C92B6A1</key>
			<dict>
				<key>explicitFileType</key>
				<string>sourcecode.c.h</string>
				<key>fileEncoding</key>
				<string>4</string>
				<key>isa</key>
				<string>PBXFileReference</string>
				<key>name</key>
				<string>ofxSlider.h</string>
				<key>path</key>
				<string>../../../../../../../OpenFrameworks/of_v0.10.0_osx_release/addons/ofxGui/src/ofxSlider.h</string>
				<key>sourceTree</key>
				<string>SOURCE_ROOT</string>
			</dict>
			<key>839A07763403C82F6AC9B86B</key>
			<dict>
				<key>fileRef</key>
				<string>0402F3AEA8F0724D61296FBB</string>
				<key>isa</key>
				<string>PBXBuildFile</string>
			</dict>
			<key>0402F3AEA8F0724D61296FBB</key>
			<dict>
				<key>explicitFileType</key>
				<string>sourcecode.cpp.cpp</string>
				<key>fileEncoding</key>
				<string>4</string>
				<key>isa</key>
				<string>PBXFileReference</string>
				<key>name</key>
				<string>ofxLabel.cpp</string>
				<key>path</key>
				<string>../../../../../../../OpenFrameworks/of_v0.10.0_osx_release/addons/ofxGui/src/ofxLabel.cpp</string>
				<key>sourceTree</key>
				<string>SOURCE_ROOT</string>
			</dict>
			<key>F8A79F5C8BA17FF72CF2F3DF</key>
			<dict>
				<key>explicitFileType</key>
				<string>sourcecode.c.h</string>
				<key>fileEncoding</key>
				<string>4</string>
				<key>isa</key>
				<string>PBXFileReference</string>
				<key>name</key>
				<string>ofxToggle.h</string>
				<key>path</key>
				<string>../../../../../../../OpenFrameworks/of_v0.10.0_osx_release/addons/ofxGui/src/ofxToggle.h</string>
				<key>sourceTree</key>
				<string>SOURCE_ROOT</string>
			</dict>
			<key>6E537B736E83DCF09E56602C</key>
			<dict>
				<key>fileRef</key>
				<string>7C09DE01BE3CBED8B2E2BE7C</string>
				<key>isa</key>
				<string>PBXBuildFile</string>
			</dict>
			<key>7C09DE01BE3CBED8B2E2BE7C</key>
			<dict>
				<key>explicitFileType</key>
				<string>sourcecode.cpp.cpp</string>
				<key>fileEncoding</key>
				<string>4</string>
				<key>isa</key>
				<string>PBXFileReference</string>
				<key>name</key>
				<string>ofxInputField.cpp</string>
				<key>path</key>
				<string>../../../../../../../OpenFrameworks/of_v0.10.0_osx_release/addons/ofxGui/src/ofxInputField.cpp</string>
				<key>sourceTree</key>
				<string>SOURCE_ROOT</string>
			</dict>
			<key>0E457229ACBF1798454D1D29</key>
			<dict>
				<key>fileRef</key>
				<string>F162D3E9E4960CD2BD89E176</string>
				<key>isa</key>
				<string>PBXBuildFile</string>
			</dict>
			<key>F162D3E9E4960CD2BD89E176</key>
			<dict>
				<key>explicitFileType</key>
				<string>sourcecode.cpp.cpp</string>
				<key>fileEncoding</key>
				<string>4</string>
				<key>isa</key>
				<string>PBXFileReference</string>
				<key>name</key>
				<string>ofxGuiGroup.cpp</string>
				<key>path</key>
				<string>../../../../../../../OpenFrameworks/of_v0.10.0_osx_release/addons/ofxGui/src/ofxGuiGroup.cpp</string>
				<key>sourceTree</key>
				<string>SOURCE_ROOT</string>
			</dict>
			<key>7E7ADC4F292D85DA1C6355AB</key>
			<dict>
				<key>fileRef</key>
				<string>403A1992017A1D22456D69E1</string>
				<key>isa</key>
				<string>PBXBuildFile</string>
			</dict>
			<key>403A1992017A1D22456D69E1</key>
			<dict>
				<key>explicitFileType</key>
				<string>sourcecode.cpp.cpp</string>
				<key>fileEncoding</key>
				<string>4</string>
				<key>isa</key>
				<string>PBXFileReference</string>
				<key>name</key>
				<string>ofxButton.cpp</string>
				<key>path</key>
				<string>../../../../../../../OpenFrameworks/of_v0.10.0_osx_release/addons/ofxGui/src/ofxButton.cpp</string>
				<key>sourceTree</key>
				<string>SOURCE_ROOT</string>
			</dict>
			<key>8C0CCDEBFDFD00D1F0E6424B</key>
			<dict>
				<key>fileRef</key>
				<string>DA816FA6E71B67444920D07F</string>
				<key>isa</key>
				<string>PBXBuildFile</string>
			</dict>
			<key>DA816FA6E71B67444920D07F</key>
			<dict>
				<key>explicitFileType</key>
				<string>sourcecode.cpp.cpp</string>
				<key>fileEncoding</key>
				<string>4</string>
				<key>isa</key>
				<string>PBXFileReference</string>
				<key>name</key>
				<string>ofxToggle.cpp</string>
				<key>path</key>
				<string>../../../../../../../OpenFrameworks/of_v0.10.0_osx_release/addons/ofxGui/src/ofxToggle.cpp</string>
				<key>sourceTree</key>
				<string>SOURCE_ROOT</string>
			</dict>
			<key>5AFB6D20FCD36877CAA42FD7</key>
			<dict>
				<key>fileRef</key>
				<string>1D2AACD265FFAF57E731D8A6</string>
				<key>isa</key>
				<string>PBXBuildFile</string>
			</dict>
			<key>1D2AACD265FFAF57E731D8A6</key>
			<dict>
				<key>explicitFileType</key>
				<string>sourcecode.cpp.cpp</string>
				<key>fileEncoding</key>
				<string>4</string>
				<key>isa</key>
				<string>PBXFileReference</string>
				<key>name</key>
				<string>ofxSliderGroup.cpp</string>
				<key>path</key>
				<string>../../../../../../../OpenFrameworks/of_v0.10.0_osx_release/addons/ofxGui/src/ofxSliderGroup.cpp</string>
				<key>sourceTree</key>
				<string>SOURCE_ROOT</string>
			</dict>
			<key>C6F690ECDD336EE2D3D4C1BD</key>
			<dict>
				<key>fileRef</key>
				<string>90C2EC0AA524F8387243B1C1</string>
				<key>isa</key>
				<string>PBXBuildFile</string>
			</dict>
			<key>90C2EC0AA524F8387243B1C1</key>
			<dict>
				<key>explicitFileType</key>
				<string>sourcecode.cpp.cpp</string>
				<key>fileEncoding</key>
				<string>4</string>
				<key>isa</key>
				<string>PBXFileReference</string>
				<key>name</key>
				<string>ofxColorPicker.cpp</string>
				<key>path</key>
				<string>../../../../../../../OpenFrameworks/of_v0.10.0_osx_release/addons/ofxGui/src/ofxColorPicker.cpp</string>
				<key>sourceTree</key>
				<string>SOURCE_ROOT</string>
			</dict>
			<key>9890B63273DAE50DAAF8CE34</key>
			<dict>
				<key>fileRef</key>
				<string>EC39706D39D7E0D5EEFC6775</string>
				<key>isa</key>
				<string>PBXBuildFile</string>
			</dict>
			<key>EC39706D39D7E0D5EEFC6775</key>
			<dict>
				<key>explicitFileType</key>
				<string>sourcecode.cpp.cpp</string>
				<key>fileEncoding</key>
				<string>4</string>
				<key>isa</key>
				<string>PBXFileReference</string>
				<key>name</key>
				<string>ofxBaseGui.cpp</string>
				<key>path</key>
				<string>../../../../../../../OpenFrameworks/of_v0.10.0_osx_release/addons/ofxGui/src/ofxBaseGui.cpp</string>
				<key>sourceTree</key>
				<string>SOURCE_ROOT</string>
			</dict>
			<key>A763ED608B35AE3310251DEE</key>
			<dict>
				<key>children</key>
				<array>
					<string>AC76E60E6D098C4DCA98039E</string>
					<string>EC39706D39D7E0D5EEFC6775</string>
					<string>90C2EC0AA524F8387243B1C1</string>
					<string>1D2AACD265FFAF57E731D8A6</string>
					<string>DA816FA6E71B67444920D07F</string>
					<string>403A1992017A1D22456D69E1</string>
					<string>F162D3E9E4960CD2BD89E176</string>
					<string>7C09DE01BE3CBED8B2E2BE7C</string>
					<string>F8A79F5C8BA17FF72CF2F3DF</string>
					<string>0402F3AEA8F0724D61296FBB</string>
					<string>8BFEC72BD35D76632C92B6A1</string>
					<string>4D18953ADDCC6C9929FB77BF</string>
					<string>509033F58DF6E0C855220D2F</string>
					<string>FBC457940F5C0E34B41AF3FE</string>
					<string>2926A3B5C4793281EDE89656</string>
					<string>9E7500826BD1FDF7B7414790</string>
					<string>37B17D77774B1B7F691B0F95</string>
					<string>2E80B86AEC8876552B93ABD3</string>
					<string>FAF103539BDFED9212828686</string>
					<string>557376984B8FFC42634316DF</string>
					<string>545BFEE5A19087518496E6DE</string>
				</array>
				<key>isa</key>
				<string>PBXGroup</string>
				<key>name</key>
				<string>src</string>
				<key>sourceTree</key>
				<string>&lt;group&gt;</string>
			</dict>
			<key>480A780D8D0308AE4A368801</key>
			<dict>
				<key>children</key>
				<array>
					<string>A763ED608B35AE3310251DEE</string>
				</array>
				<key>isa</key>
				<string>PBXGroup</string>
				<key>name</key>
				<string>ofxGui</string>
				<key>sourceTree</key>
				<string>&lt;group&gt;</string>
			</dict>
			<key>AC76E60E6D098C4DCA98039E</key>
			<dict>
				<key>explicitFileType</key>
				<string>sourcecode.c.h</string>
				<key>fileEncoding</key>
				<string>4</string>
				<key>isa</key>
				<string>PBXFileReference</string>
				<key>name</key>
				<string>ofxGuiGroup.h</string>
				<key>path</key>
				<string>../../../../../../../OpenFrameworks/of_v0.10.0_osx_release/addons/ofxGui/src/ofxGuiGroup.h</string>
				<key>sourceTree</key>
				<string>SOURCE_ROOT</string>
			</dict>
			<key>3920CD57AA8351C679440330</key>
			<dict>
				<key>explicitFileType</key>
				<string>sourcecode.c.h</string>
				<key>fileEncoding</key>
				<string>4</string>
				<key>isa</key>
				<string>PBXFileReference</string>
				<key>name</key>
				<string>LogStream.hpp</string>
				<key>path</key>
				<string>../../../../../../../OpenFrameworks/of_v0.10.0_osx_release/addons/ofxAssimpModelLoader/libs/assimp/include/assimp/LogStream.hpp</string>
				<key>sourceTree</key>
				<string>SOURCE_ROOT</string>
			</dict>
			<key>46BDD977EBF393515C938F78</key>
			<dict>
				<key>explicitFileType</key>
				<string>sourcecode.c.h</string>
				<key>fileEncoding</key>
				<string>4</string>
				<key>isa</key>
				<string>PBXFileReference</string>
				<key>name</key>
				<string>scene.h</string>
				<key>path</key>
				<string>../../../../../../../OpenFrameworks/of_v0.10.0_osx_release/addons/ofxAssimpModelLoader/libs/assimp/include/assimp/scene.h</string>
				<key>sourceTree</key>
				<string>SOURCE_ROOT</string>
			</dict>
			<key>B4332BFD3B31C4F08574E809</key>
			<dict>
				<key>explicitFileType</key>
				<string>sourcecode.c.h</string>
				<key>fileEncoding</key>
				<string>4</string>
				<key>isa</key>
				<string>PBXFileReference</string>
				<key>name</key>
				<string>DefaultIOSystem.h</string>
				<key>path</key>
				<string>../../../../../../../OpenFrameworks/of_v0.10.0_osx_release/addons/ofxAssimpModelLoader/libs/assimp/include/assimp/DefaultIOSystem.h</string>
				<key>sourceTree</key>
				<string>SOURCE_ROOT</string>
			</dict>
			<key>602604FE78D802D917F724C2</key>
			<dict>
				<key>explicitFileType</key>
				<string>sourcecode.c.h</string>
				<key>fileEncoding</key>
				<string>4</string>
				<key>isa</key>
				<string>PBXFileReference</string>
				<key>name</key>
				<string>vector3.h</string>
				<key>path</key>
				<string>../../../../../../../OpenFrameworks/of_v0.10.0_osx_release/addons/ofxAssimpModelLoader/libs/assimp/include/assimp/vector3.h</string>
				<key>sourceTree</key>
				<string>SOURCE_ROOT</string>
			</dict>
			<key>CEE42D1791F9071937E25EC5</key>
			<dict>
				<key>explicitFileType</key>
				<string>sourcecode.c.h</string>
				<key>fileEncoding</key>
				<string>4</string>
				<key>isa</key>
				<string>PBXFileReference</string>
				<key>name</key>
				<string>pushpack1.h</string>
				<key>path</key>
				<string>../../../../../../../OpenFrameworks/of_v0.10.0_osx_release/addons/ofxAssimpModelLoader/libs/assimp/include/assimp/Compiler/pushpack1.h</string>
				<key>sourceTree</key>
				<string>SOURCE_ROOT</string>
			</dict>
			<key>F321A371D5007028C1631431</key>
			<dict>
				<key>explicitFileType</key>
				<string>sourcecode.c.h</string>
				<key>fileEncoding</key>
				<string>4</string>
				<key>isa</key>
				<string>PBXFileReference</string>
				<key>name</key>
				<string>pstdint.h</string>
				<key>path</key>
				<string>../../../../../../../OpenFrameworks/of_v0.10.0_osx_release/addons/ofxAssimpModelLoader/libs/assimp/include/assimp/Compiler/pstdint.h</string>
				<key>sourceTree</key>
				<string>SOURCE_ROOT</string>
			</dict>
			<key>B77F1220F7C30BFF6034CC97</key>
			<dict>
				<key>children</key>
				<array>
					<string>F5FC42EAC636F755721BA873</string>
					<string>F321A371D5007028C1631431</string>
					<string>CEE42D1791F9071937E25EC5</string>
				</array>
				<key>isa</key>
				<string>PBXGroup</string>
				<key>name</key>
				<string>Compiler</string>
				<key>sourceTree</key>
				<string>&lt;group&gt;</string>
			</dict>
			<key>F5FC42EAC636F755721BA873</key>
			<dict>
				<key>explicitFileType</key>
				<string>sourcecode.c.h</string>
				<key>fileEncoding</key>
				<string>4</string>
				<key>isa</key>
				<string>PBXFileReference</string>
				<key>name</key>
				<string>poppack1.h</string>
				<key>path</key>
				<string>../../../../../../../OpenFrameworks/of_v0.10.0_osx_release/addons/ofxAssimpModelLoader/libs/assimp/include/assimp/Compiler/poppack1.h</string>
				<key>sourceTree</key>
				<string>SOURCE_ROOT</string>
			</dict>
			<key>DAB9D2D9D831BBEACA8F9475</key>
			<dict>
				<key>explicitFileType</key>
				<string>sourcecode.c.h</string>
				<key>fileEncoding</key>
				<string>4</string>
				<key>isa</key>
				<string>PBXFileReference</string>
				<key>name</key>
				<string>importerdesc.h</string>
				<key>path</key>
				<string>../../../../../../../OpenFrameworks/of_v0.10.0_osx_release/addons/ofxAssimpModelLoader/libs/assimp/include/assimp/importerdesc.h</string>
				<key>sourceTree</key>
				<string>SOURCE_ROOT</string>
			</dict>
			<key>52343BA855243688E36D6D1C</key>
			<dict>
				<key>children</key>
				<array>
					<string>0EE7B99C5AD663AD31D67253</string>
				</array>
				<key>isa</key>
				<string>PBXGroup</string>
				<key>name</key>
				<string>AndroidJNI</string>
				<key>sourceTree</key>
				<string>&lt;group&gt;</string>
			</dict>
			<key>A0EBF372EA0EB2B2A8BA2616</key>
			<dict>
				<key>children</key>
				<array>
					<string>52343BA855243688E36D6D1C</string>
				</array>
				<key>isa</key>
				<string>PBXGroup</string>
				<key>name</key>
				<string>port</string>
				<key>sourceTree</key>
				<string>&lt;group&gt;</string>
			</dict>
			<key>0EE7B99C5AD663AD31D67253</key>
			<dict>
				<key>explicitFileType</key>
				<string>sourcecode.c.h</string>
				<key>fileEncoding</key>
				<string>4</string>
				<key>isa</key>
				<string>PBXFileReference</string>
				<key>name</key>
				<string>AndroidJNIIOSystem.h</string>
				<key>path</key>
				<string>../../../../../../../OpenFrameworks/of_v0.10.0_osx_release/addons/ofxAssimpModelLoader/libs/assimp/include/assimp/port/AndroidJNI/AndroidJNIIOSystem.h</string>
				<key>sourceTree</key>
				<string>SOURCE_ROOT</string>
			</dict>
			<key>4E68E5FFC0E472E11D1AEE20</key>
			<dict>
				<key>explicitFileType</key>
				<string>sourcecode.c.h</string>
				<key>fileEncoding</key>
				<string>4</string>
				<key>isa</key>
				<string>PBXFileReference</string>
				<key>name</key>
				<string>texture.h</string>
				<key>path</key>
				<string>../../../../../../../OpenFrameworks/of_v0.10.0_osx_release/addons/ofxAssimpModelLoader/libs/assimp/include/assimp/texture.h</string>
				<key>sourceTree</key>
				<string>SOURCE_ROOT</string>
			</dict>
			<key>23A963F8FA26D8E4EEB31481</key>
			<dict>
				<key>explicitFileType</key>
				<string>sourcecode.c.h</string>
				<key>fileEncoding</key>
				<string>4</string>
				<key>isa</key>
				<string>PBXFileReference</string>
				<key>name</key>
				<string>postprocess.h</string>
				<key>path</key>
				<string>../../../../../../../OpenFrameworks/of_v0.10.0_osx_release/addons/ofxAssimpModelLoader/libs/assimp/include/assimp/postprocess.h</string>
				<key>sourceTree</key>
				<string>SOURCE_ROOT</string>
			</dict>
			<key>73B1F1C72508765A7EBC416C</key>
			<dict>
				<key>explicitFileType</key>
				<string>sourcecode.c.h</string>
				<key>fileEncoding</key>
				<string>4</string>
				<key>isa</key>
				<string>PBXFileReference</string>
				<key>name</key>
				<string>anim.h</string>
				<key>path</key>
				<string>../../../../../../../OpenFrameworks/of_v0.10.0_osx_release/addons/ofxAssimpModelLoader/libs/assimp/include/assimp/anim.h</string>
				<key>sourceTree</key>
				<string>SOURCE_ROOT</string>
			</dict>
			<key>78CF441D1940DA33EAE8EC2B</key>
			<dict>
				<key>explicitFileType</key>
				<string>sourcecode.c.h</string>
				<key>fileEncoding</key>
				<string>4</string>
				<key>isa</key>
				<string>PBXFileReference</string>
				<key>name</key>
				<string>color4.h</string>
				<key>path</key>
				<string>../../../../../../../OpenFrameworks/of_v0.10.0_osx_release/addons/ofxAssimpModelLoader/libs/assimp/include/assimp/color4.h</string>
				<key>sourceTree</key>
				<string>SOURCE_ROOT</string>
			</dict>
			<key>0463B5CE3E35D7742CCFD0C0</key>
			<dict>
				<key>explicitFileType</key>
				<string>sourcecode.c.h</string>
				<key>fileEncoding</key>
				<string>4</string>
				<key>isa</key>
				<string>PBXFileReference</string>
				<key>name</key>
				<string>cexport.h</string>
				<key>path</key>
				<string>../../../../../../../OpenFrameworks/of_v0.10.0_osx_release/addons/ofxAssimpModelLoader/libs/assimp/include/assimp/cexport.h</string>
				<key>sourceTree</key>
				<string>SOURCE_ROOT</string>
			</dict>
			<key>A74390E6ECF1BD7513E2913A</key>
			<dict>
				<key>explicitFileType</key>
				<string>sourcecode.c.h</string>
				<key>fileEncoding</key>
				<string>4</string>
				<key>isa</key>
				<string>PBXFileReference</string>
				<key>name</key>
				<string>ProgressHandler.hpp</string>
				<key>path</key>
				<string>../../../../../../../OpenFrameworks/of_v0.10.0_osx_release/addons/ofxAssimpModelLoader/libs/assimp/include/assimp/ProgressHandler.hpp</string>
				<key>sourceTree</key>
				<string>SOURCE_ROOT</string>
			</dict>
			<key>6BDA66389407A9599A3DB807</key>
			<dict>
				<key>explicitFileType</key>
				<string>sourcecode.c.h</string>
				<key>fileEncoding</key>
				<string>4</string>
				<key>isa</key>
				<string>PBXFileReference</string>
				<key>name</key>
				<string>Exporter.hpp</string>
				<key>path</key>
				<string>../../../../../../../OpenFrameworks/of_v0.10.0_osx_release/addons/ofxAssimpModelLoader/libs/assimp/include/assimp/Exporter.hpp</string>
				<key>sourceTree</key>
				<string>SOURCE_ROOT</string>
			</dict>
			<key>AE52AF8D5C7636CBFC74B754</key>
			<dict>
				<key>explicitFileType</key>
				<string>sourcecode.c.h</string>
				<key>fileEncoding</key>
				<string>4</string>
				<key>isa</key>
				<string>PBXFileReference</string>
				<key>name</key>
				<string>Defines.h</string>
				<key>path</key>
				<string>../../../../../../../OpenFrameworks/of_v0.10.0_osx_release/addons/ofxAssimpModelLoader/libs/assimp/include/assimp/Defines.h</string>
				<key>sourceTree</key>
				<string>SOURCE_ROOT</string>
			</dict>
			<key>610A7674F0EA1858026D8C01</key>
			<dict>
				<key>explicitFileType</key>
				<string>sourcecode.c.h</string>
				<key>fileEncoding</key>
				<string>4</string>
				<key>isa</key>
				<string>PBXFileReference</string>
				<key>name</key>
				<string>mesh.h</string>
				<key>path</key>
				<string>../../../../../../../OpenFrameworks/of_v0.10.0_osx_release/addons/ofxAssimpModelLoader/libs/assimp/include/assimp/mesh.h</string>
				<key>sourceTree</key>
				<string>SOURCE_ROOT</string>
			</dict>
			<key>6A96DFEEEA0EF207B3EEA176</key>
			<dict>
				<key>explicitFileType</key>
				<string>sourcecode.c.h</string>
				<key>fileEncoding</key>
				<string>4</string>
				<key>isa</key>
				<string>PBXFileReference</string>
				<key>name</key>
				<string>metadata.h</string>
				<key>path</key>
				<string>../../../../../../../OpenFrameworks/of_v0.10.0_osx_release/addons/ofxAssimpModelLoader/libs/assimp/include/assimp/metadata.h</string>
				<key>sourceTree</key>
				<string>SOURCE_ROOT</string>
			</dict>
			<key>3F6B8060BA01D8A457F8CB82</key>
			<dict>
				<key>explicitFileType</key>
				<string>sourcecode.c.h</string>
				<key>fileEncoding</key>
				<string>4</string>
				<key>isa</key>
				<string>PBXFileReference</string>
				<key>name</key>
				<string>DefaultLogger.hpp</string>
				<key>path</key>
				<string>../../../../../../../OpenFrameworks/of_v0.10.0_osx_release/addons/ofxAssimpModelLoader/libs/assimp/include/assimp/DefaultLogger.hpp</string>
				<key>sourceTree</key>
				<string>SOURCE_ROOT</string>
			</dict>
			<key>EF97E29941823E6846DFB9A2</key>
			<dict>
				<key>explicitFileType</key>
				<string>sourcecode.c.h</string>
				<key>fileEncoding</key>
				<string>4</string>
				<key>isa</key>
				<string>PBXFileReference</string>
				<key>name</key>
				<string>quaternion.h</string>
				<key>path</key>
				<string>../../../../../../../OpenFrameworks/of_v0.10.0_osx_release/addons/ofxAssimpModelLoader/libs/assimp/include/assimp/quaternion.h</string>
				<key>sourceTree</key>
				<string>SOURCE_ROOT</string>
			</dict>
			<key>9C6415C9B63C625045833B5F</key>
			<dict>
				<key>explicitFileType</key>
				<string>sourcecode.c.h</string>
				<key>fileEncoding</key>
				<string>4</string>
				<key>isa</key>
				<string>PBXFileReference</string>
				<key>name</key>
				<string>NullLogger.hpp</string>
				<key>path</key>
				<string>../../../../../../../OpenFrameworks/of_v0.10.0_osx_release/addons/ofxAssimpModelLoader/libs/assimp/include/assimp/NullLogger.hpp</string>
				<key>sourceTree</key>
				<string>SOURCE_ROOT</string>
			</dict>
			<key>705E079BAC67CD052AE2D98C</key>
			<dict>
				<key>explicitFileType</key>
				<string>sourcecode.c.h</string>
				<key>fileEncoding</key>
				<string>4</string>
				<key>isa</key>
				<string>PBXFileReference</string>
				<key>name</key>
				<string>ai_assert.h</string>
				<key>path</key>
				<string>../../../../../../../OpenFrameworks/of_v0.10.0_osx_release/addons/ofxAssimpModelLoader/libs/assimp/include/assimp/ai_assert.h</string>
				<key>sourceTree</key>
				<string>SOURCE_ROOT</string>
			</dict>
			<key>1474BC170B8D5E865AEDA26F</key>
			<dict>
				<key>explicitFileType</key>
				<string>sourcecode.c.h</string>
				<key>fileEncoding</key>
				<string>4</string>
				<key>isa</key>
				<string>PBXFileReference</string>
				<key>name</key>
				<string>material.h</string>
				<key>path</key>
				<string>../../../../../../../OpenFrameworks/of_v0.10.0_osx_release/addons/ofxAssimpModelLoader/libs/assimp/include/assimp/material.h</string>
				<key>sourceTree</key>
				<string>SOURCE_ROOT</string>
			</dict>
			<key>0AD0CB3A24433DEE4874D019</key>
			<dict>
				<key>explicitFileType</key>
				<string>sourcecode.c.h</string>
				<key>fileEncoding</key>
				<string>4</string>
				<key>isa</key>
				<string>PBXFileReference</string>
				<key>name</key>
				<string>SceneCombiner.h</string>
				<key>path</key>
				<string>../../../../../../../OpenFrameworks/of_v0.10.0_osx_release/addons/ofxAssimpModelLoader/libs/assimp/include/assimp/SceneCombiner.h</string>
				<key>sourceTree</key>
				<string>SOURCE_ROOT</string>
			</dict>
			<key>E5985E09CAAB4EEF4B560020</key>
			<dict>
				<key>explicitFileType</key>
				<string>sourcecode.c.h</string>
				<key>fileEncoding</key>
				<string>4</string>
				<key>isa</key>
				<string>PBXFileReference</string>
				<key>name</key>
				<string>DefaultIOStream.h</string>
				<key>path</key>
				<string>../../../../../../../OpenFrameworks/of_v0.10.0_osx_release/addons/ofxAssimpModelLoader/libs/assimp/include/assimp/DefaultIOStream.h</string>
				<key>sourceTree</key>
				<string>SOURCE_ROOT</string>
			</dict>
			<key>826BE1444151838BAB7EDC73</key>
			<dict>
				<key>explicitFileType</key>
				<string>sourcecode.c.h</string>
				<key>fileEncoding</key>
				<string>4</string>
				<key>isa</key>
				<string>PBXFileReference</string>
				<key>name</key>
				<string>matrix3x3.h</string>
				<key>path</key>
				<string>../../../../../../../OpenFrameworks/of_v0.10.0_osx_release/addons/ofxAssimpModelLoader/libs/assimp/include/assimp/matrix3x3.h</string>
				<key>sourceTree</key>
				<string>SOURCE_ROOT</string>
			</dict>
			<key>665C2BFFF6018392D3138210</key>
			<dict>
				<key>explicitFileType</key>
				<string>sourcecode.c.h</string>
				<key>fileEncoding</key>
				<string>4</string>
				<key>isa</key>
				<string>PBXFileReference</string>
				<key>name</key>
				<string>camera.h</string>
				<key>path</key>
				<string>../../../../../../../OpenFrameworks/of_v0.10.0_osx_release/addons/ofxAssimpModelLoader/libs/assimp/include/assimp/camera.h</string>
				<key>sourceTree</key>
				<string>SOURCE_ROOT</string>
			</dict>
			<key>1398CE9BC48AC905951EC137</key>
			<dict>
				<key>explicitFileType</key>
				<string>sourcecode.c.h</string>
				<key>fileEncoding</key>
				<string>4</string>
				<key>isa</key>
				<string>PBXFileReference</string>
				<key>name</key>
				<string>cimport.h</string>
				<key>path</key>
				<string>../../../../../../../OpenFrameworks/of_v0.10.0_osx_release/addons/ofxAssimpModelLoader/libs/assimp/include/assimp/cimport.h</string>
				<key>sourceTree</key>
				<string>SOURCE_ROOT</string>
			</dict>
			<key>A04A361B5D2AF21FB2FCD703</key>
			<dict>
				<key>explicitFileType</key>
				<string>sourcecode.c.h</string>
				<key>fileEncoding</key>
				<string>4</string>
				<key>isa</key>
				<string>PBXFileReference</string>
				<key>name</key>
				<string>types.h</string>
				<key>path</key>
				<string>../../../../../../../OpenFrameworks/of_v0.10.0_osx_release/addons/ofxAssimpModelLoader/libs/assimp/include/assimp/types.h</string>
				<key>sourceTree</key>
				<string>SOURCE_ROOT</string>
			</dict>
			<key>BCF9BE5627F0B4DE7741C50D</key>
			<dict>
				<key>explicitFileType</key>
				<string>sourcecode.c.h</string>
				<key>fileEncoding</key>
				<string>4</string>
				<key>isa</key>
				<string>PBXFileReference</string>
				<key>name</key>
				<string>light.h</string>
				<key>path</key>
				<string>../../../../../../../OpenFrameworks/of_v0.10.0_osx_release/addons/ofxAssimpModelLoader/libs/assimp/include/assimp/light.h</string>
				<key>sourceTree</key>
				<string>SOURCE_ROOT</string>
			</dict>
			<key>8D4507C1BD6B58D6D885B922</key>
			<dict>
				<key>explicitFileType</key>
				<string>sourcecode.c.h</string>
				<key>fileEncoding</key>
				<string>4</string>
				<key>isa</key>
				<string>PBXFileReference</string>
				<key>name</key>
				<string>config.h</string>
				<key>path</key>
				<string>../../../../../../../OpenFrameworks/of_v0.10.0_osx_release/addons/ofxAssimpModelLoader/libs/assimp/include/assimp/config.h</string>
				<key>sourceTree</key>
				<string>SOURCE_ROOT</string>
			</dict>
			<key>C896B40E4C353D03B323C710</key>
			<dict>
				<key>explicitFileType</key>
				<string>sourcecode.c.h</string>
				<key>fileEncoding</key>
				<string>4</string>
				<key>isa</key>
				<string>PBXFileReference</string>
				<key>name</key>
				<string>vector2.h</string>
				<key>path</key>
				<string>../../../../../../../OpenFrameworks/of_v0.10.0_osx_release/addons/ofxAssimpModelLoader/libs/assimp/include/assimp/vector2.h</string>
				<key>sourceTree</key>
				<string>SOURCE_ROOT</string>
			</dict>
			<key>D2DD2545C991A8E3B7C3ED72</key>
			<dict>
				<key>explicitFileType</key>
				<string>sourcecode.c.h</string>
				<key>fileEncoding</key>
				<string>4</string>
				<key>isa</key>
				<string>PBXFileReference</string>
				<key>name</key>
				<string>cfileio.h</string>
				<key>path</key>
				<string>../../../../../../../OpenFrameworks/of_v0.10.0_osx_release/addons/ofxAssimpModelLoader/libs/assimp/include/assimp/cfileio.h</string>
				<key>sourceTree</key>
				<string>SOURCE_ROOT</string>
			</dict>
			<key>CF61F81A2A1A2A784A53DFC5</key>
			<dict>
				<key>explicitFileType</key>
				<string>sourcecode.c.h</string>
				<key>fileEncoding</key>
				<string>4</string>
				<key>isa</key>
				<string>PBXFileReference</string>
				<key>name</key>
				<string>Importer.hpp</string>
				<key>path</key>
				<string>../../../../../../../OpenFrameworks/of_v0.10.0_osx_release/addons/ofxAssimpModelLoader/libs/assimp/include/assimp/Importer.hpp</string>
				<key>sourceTree</key>
				<string>SOURCE_ROOT</string>
			</dict>
			<key>48C3379DB8A25A4F5A32165A</key>
			<dict>
				<key>explicitFileType</key>
				<string>sourcecode.c.h</string>
				<key>fileEncoding</key>
				<string>4</string>
				<key>isa</key>
				<string>PBXFileReference</string>
				<key>name</key>
				<string>matrix4x4.h</string>
				<key>path</key>
				<string>../../../../../../../OpenFrameworks/of_v0.10.0_osx_release/addons/ofxAssimpModelLoader/libs/assimp/include/assimp/matrix4x4.h</string>
				<key>sourceTree</key>
				<string>SOURCE_ROOT</string>
			</dict>
			<key>F8C371BE0DFA06FC9AE515F9</key>
			<dict>
				<key>explicitFileType</key>
				<string>sourcecode.c.h</string>
				<key>fileEncoding</key>
				<string>4</string>
				<key>isa</key>
				<string>PBXFileReference</string>
				<key>name</key>
				<string>version.h</string>
				<key>path</key>
				<string>../../../../../../../OpenFrameworks/of_v0.10.0_osx_release/addons/ofxAssimpModelLoader/libs/assimp/include/assimp/version.h</string>
				<key>sourceTree</key>
				<string>SOURCE_ROOT</string>
			</dict>
			<key>2AD6FA725C5CB062047DB72D</key>
			<dict>
				<key>explicitFileType</key>
				<string>sourcecode.c.h</string>
				<key>fileEncoding</key>
				<string>4</string>
				<key>isa</key>
				<string>PBXFileReference</string>
				<key>name</key>
				<string>defs.h</string>
				<key>path</key>
				<string>../../../../../../../OpenFrameworks/of_v0.10.0_osx_release/addons/ofxAssimpModelLoader/libs/assimp/include/assimp/defs.h</string>
				<key>sourceTree</key>
				<string>SOURCE_ROOT</string>
			</dict>
			<key>32B6D4D447AEDEB58E67D439</key>
			<dict>
				<key>explicitFileType</key>
				<string>sourcecode.c.h</string>
				<key>fileEncoding</key>
				<string>4</string>
				<key>isa</key>
				<string>PBXFileReference</string>
				<key>name</key>
				<string>IOStream.hpp</string>
				<key>path</key>
				<string>../../../../../../../OpenFrameworks/of_v0.10.0_osx_release/addons/ofxAssimpModelLoader/libs/assimp/include/assimp/IOStream.hpp</string>
				<key>sourceTree</key>
				<string>SOURCE_ROOT</string>
			</dict>
			<key>DCB73CF81C69E64B18E29CDF</key>
			<dict>
				<key>explicitFileType</key>
				<string>sourcecode.c.h</string>
				<key>fileEncoding</key>
				<string>4</string>
				<key>isa</key>
				<string>PBXFileReference</string>
				<key>name</key>
				<string>Logger.hpp</string>
				<key>path</key>
				<string>../../../../../../../OpenFrameworks/of_v0.10.0_osx_release/addons/ofxAssimpModelLoader/libs/assimp/include/assimp/Logger.hpp</string>
				<key>sourceTree</key>
				<string>SOURCE_ROOT</string>
			</dict>
			<key>67AD613537D3ED7FD883659E</key>
			<dict>
				<key>children</key>
				<array>
					<string>027F576EFA989873A8C1E690</string>
					<string>DCB73CF81C69E64B18E29CDF</string>
					<string>32B6D4D447AEDEB58E67D439</string>
					<string>2AD6FA725C5CB062047DB72D</string>
					<string>F8C371BE0DFA06FC9AE515F9</string>
					<string>48C3379DB8A25A4F5A32165A</string>
					<string>CF61F81A2A1A2A784A53DFC5</string>
					<string>D2DD2545C991A8E3B7C3ED72</string>
					<string>C896B40E4C353D03B323C710</string>
					<string>8D4507C1BD6B58D6D885B922</string>
					<string>BCF9BE5627F0B4DE7741C50D</string>
					<string>A04A361B5D2AF21FB2FCD703</string>
					<string>1398CE9BC48AC905951EC137</string>
					<string>665C2BFFF6018392D3138210</string>
					<string>826BE1444151838BAB7EDC73</string>
					<string>E5985E09CAAB4EEF4B560020</string>
					<string>0AD0CB3A24433DEE4874D019</string>
					<string>1474BC170B8D5E865AEDA26F</string>
					<string>705E079BAC67CD052AE2D98C</string>
					<string>9C6415C9B63C625045833B5F</string>
					<string>EF97E29941823E6846DFB9A2</string>
					<string>3F6B8060BA01D8A457F8CB82</string>
					<string>6A96DFEEEA0EF207B3EEA176</string>
					<string>610A7674F0EA1858026D8C01</string>
					<string>AE52AF8D5C7636CBFC74B754</string>
					<string>6BDA66389407A9599A3DB807</string>
					<string>A74390E6ECF1BD7513E2913A</string>
					<string>0463B5CE3E35D7742CCFD0C0</string>
					<string>78CF441D1940DA33EAE8EC2B</string>
					<string>73B1F1C72508765A7EBC416C</string>
					<string>23A963F8FA26D8E4EEB31481</string>
					<string>4E68E5FFC0E472E11D1AEE20</string>
					<string>A0EBF372EA0EB2B2A8BA2616</string>
					<string>DAB9D2D9D831BBEACA8F9475</string>
					<string>B77F1220F7C30BFF6034CC97</string>
					<string>602604FE78D802D917F724C2</string>
					<string>B4332BFD3B31C4F08574E809</string>
					<string>46BDD977EBF393515C938F78</string>
					<string>3920CD57AA8351C679440330</string>
				</array>
				<key>isa</key>
				<string>PBXGroup</string>
				<key>name</key>
				<string>assimp</string>
				<key>sourceTree</key>
				<string>&lt;group&gt;</string>
			</dict>
			<key>EEFDD7AE0009AE6F77EF2A93</key>
			<dict>
				<key>children</key>
				<array>
					<string>67AD613537D3ED7FD883659E</string>
				</array>
				<key>isa</key>
				<string>PBXGroup</string>
				<key>name</key>
				<string>include</string>
				<key>sourceTree</key>
				<string>&lt;group&gt;</string>
			</dict>
			<key>59905D957FDE48902CF1F729</key>
			<dict>
				<key>children</key>
				<array>
					<string>EEFDD7AE0009AE6F77EF2A93</string>
				</array>
				<key>isa</key>
				<string>PBXGroup</string>
				<key>name</key>
				<string>assimp</string>
				<key>sourceTree</key>
				<string>&lt;group&gt;</string>
			</dict>
			<key>C721A9AF1157766AFE54645E</key>
			<dict>
				<key>children</key>
				<array>
					<string>59905D957FDE48902CF1F729</string>
				</array>
				<key>isa</key>
				<string>PBXGroup</string>
				<key>name</key>
				<string>libs</string>
				<key>sourceTree</key>
				<string>&lt;group&gt;</string>
			</dict>
			<key>027F576EFA989873A8C1E690</key>
			<dict>
				<key>explicitFileType</key>
				<string>sourcecode.c.h</string>
				<key>fileEncoding</key>
				<string>4</string>
				<key>isa</key>
				<string>PBXFileReference</string>
				<key>name</key>
				<string>IOSystem.hpp</string>
				<key>path</key>
				<string>../../../../../../../OpenFrameworks/of_v0.10.0_osx_release/addons/ofxAssimpModelLoader/libs/assimp/include/assimp/IOSystem.hpp</string>
				<key>sourceTree</key>
				<string>SOURCE_ROOT</string>
			</dict>
			<key>EE8A6437C293CF4AB14CD9AB</key>
			<dict>
				<key>explicitFileType</key>
				<string>sourcecode.c.h</string>
				<key>fileEncoding</key>
				<string>4</string>
				<key>isa</key>
				<string>PBXFileReference</string>
				<key>name</key>
				<string>ofxAssimpModelLoader.h</string>
				<key>path</key>
				<string>../../../../../../../OpenFrameworks/of_v0.10.0_osx_release/addons/ofxAssimpModelLoader/src/ofxAssimpModelLoader.h</string>
				<key>sourceTree</key>
				<string>SOURCE_ROOT</string>
			</dict>
			<key>19276F53FB0BAAD9DB832B38</key>
			<dict>
				<key>explicitFileType</key>
				<string>sourcecode.c.h</string>
				<key>fileEncoding</key>
				<string>4</string>
				<key>isa</key>
				<string>PBXFileReference</string>
				<key>name</key>
				<string>ofxAssimpUtils.h</string>
				<key>path</key>
				<string>../../../../../../../OpenFrameworks/of_v0.10.0_osx_release/addons/ofxAssimpModelLoader/src/ofxAssimpUtils.h</string>
				<key>sourceTree</key>
				<string>SOURCE_ROOT</string>
			</dict>
			<key>BEBE76738EC0EE388C5C802E</key>
			<dict>
				<key>explicitFileType</key>
				<string>sourcecode.c.h</string>
				<key>fileEncoding</key>
				<string>4</string>
				<key>isa</key>
				<string>PBXFileReference</string>
				<key>name</key>
				<string>ofxAssimpMeshHelper.h</string>
				<key>path</key>
				<string>../../../../../../../OpenFrameworks/of_v0.10.0_osx_release/addons/ofxAssimpModelLoader/src/ofxAssimpMeshHelper.h</string>
				<key>sourceTree</key>
				<string>SOURCE_ROOT</string>
			</dict>
			<key>05492E2BB6E6BDEBFE5C15A1</key>
			<dict>
				<key>fileRef</key>
				<string>26A30E56BF57A4A7E0D3D8F4</string>
				<key>isa</key>
				<string>PBXBuildFile</string>
			</dict>
			<key>26A30E56BF57A4A7E0D3D8F4</key>
			<dict>
				<key>explicitFileType</key>
				<string>sourcecode.cpp.cpp</string>
				<key>fileEncoding</key>
				<string>4</string>
				<key>isa</key>
				<string>PBXFileReference</string>
				<key>name</key>
				<string>ofxAssimpModelLoader.cpp</string>
				<key>path</key>
				<string>../../../../../../../OpenFrameworks/of_v0.10.0_osx_release/addons/ofxAssimpModelLoader/src/ofxAssimpModelLoader.cpp</string>
				<key>sourceTree</key>
				<string>SOURCE_ROOT</string>
			</dict>
			<key>EF43E2FA9DAC15DDB456D1C1</key>
			<dict>
				<key>explicitFileType</key>
				<string>sourcecode.c.h</string>
				<key>fileEncoding</key>
				<string>4</string>
				<key>isa</key>
				<string>PBXFileReference</string>
				<key>name</key>
				<string>ofxAssimpTexture.h</string>
				<key>path</key>
				<string>../../../../../../../OpenFrameworks/of_v0.10.0_osx_release/addons/ofxAssimpModelLoader/src/ofxAssimpTexture.h</string>
				<key>sourceTree</key>
				<string>SOURCE_ROOT</string>
			</dict>
			<key>6617E714989FB518B255FC74</key>
			<dict>
				<key>fileRef</key>
				<string>58F92E412AAD30FB42DFE6B0</string>
				<key>isa</key>
				<string>PBXBuildFile</string>
			</dict>
			<key>58F92E412AAD30FB42DFE6B0</key>
			<dict>
				<key>explicitFileType</key>
				<string>sourcecode.cpp.cpp</string>
				<key>fileEncoding</key>
				<string>4</string>
				<key>isa</key>
				<string>PBXFileReference</string>
				<key>name</key>
				<string>ofxAssimpTexture.cpp</string>
				<key>path</key>
				<string>../../../../../../../OpenFrameworks/of_v0.10.0_osx_release/addons/ofxAssimpModelLoader/src/ofxAssimpTexture.cpp</string>
				<key>sourceTree</key>
				<string>SOURCE_ROOT</string>
			</dict>
			<key>DA5C6D4C2E4BFB84FAD0B81C</key>
			<dict>
				<key>fileRef</key>
				<string>8AA0D0945107656863A10184</string>
				<key>isa</key>
				<string>PBXBuildFile</string>
			</dict>
			<key>8AA0D0945107656863A10184</key>
			<dict>
				<key>explicitFileType</key>
				<string>sourcecode.cpp.cpp</string>
				<key>fileEncoding</key>
				<string>4</string>
				<key>isa</key>
				<string>PBXFileReference</string>
				<key>name</key>
				<string>ofxAssimpAnimation.cpp</string>
				<key>path</key>
				<string>../../../../../../../OpenFrameworks/of_v0.10.0_osx_release/addons/ofxAssimpModelLoader/src/ofxAssimpAnimation.cpp</string>
				<key>sourceTree</key>
				<string>SOURCE_ROOT</string>
			</dict>
			<key>996457862F546273FFB6053C</key>
			<dict>
				<key>explicitFileType</key>
				<string>sourcecode.c.h</string>
				<key>fileEncoding</key>
				<string>4</string>
				<key>isa</key>
				<string>PBXFileReference</string>
				<key>name</key>
				<string>ofxAssimpAnimation.h</string>
				<key>path</key>
				<string>../../../../../../../OpenFrameworks/of_v0.10.0_osx_release/addons/ofxAssimpModelLoader/src/ofxAssimpAnimation.h</string>
				<key>sourceTree</key>
				<string>SOURCE_ROOT</string>
			</dict>
			<key>9D99F547CA5C0ECCB9EB9806</key>
			<dict>
				<key>children</key>
				<array>
					<string>DC16F74B0AD8E89472C0DA4D</string>
					<string>996457862F546273FFB6053C</string>
					<string>8AA0D0945107656863A10184</string>
					<string>58F92E412AAD30FB42DFE6B0</string>
					<string>EF43E2FA9DAC15DDB456D1C1</string>
					<string>26A30E56BF57A4A7E0D3D8F4</string>
					<string>BEBE76738EC0EE388C5C802E</string>
					<string>19276F53FB0BAAD9DB832B38</string>
					<string>EE8A6437C293CF4AB14CD9AB</string>
				</array>
				<key>isa</key>
				<string>PBXGroup</string>
				<key>name</key>
				<string>src</string>
				<key>sourceTree</key>
				<string>&lt;group&gt;</string>
			</dict>
			<key>2C8F245ACBE61E28646C17F2</key>
			<dict>
				<key>children</key>
				<array>
					<string>9D99F547CA5C0ECCB9EB9806</string>
					<string>C721A9AF1157766AFE54645E</string>
				</array>
				<key>isa</key>
				<string>PBXGroup</string>
				<key>name</key>
				<string>ofxAssimpModelLoader</string>
				<key>sourceTree</key>
				<string>&lt;group&gt;</string>
			</dict>
			<key>531CE13BCD61B73EF36C1AE9</key>
			<dict>
				<key>fileRef</key>
				<string>DC16F74B0AD8E89472C0DA4D</string>
				<key>isa</key>
				<string>PBXBuildFile</string>
			</dict>
			<key>DC16F74B0AD8E89472C0DA4D</key>
			<dict>
				<key>explicitFileType</key>
				<string>sourcecode.cpp.cpp</string>
				<key>fileEncoding</key>
				<string>4</string>
				<key>isa</key>
				<string>PBXFileReference</string>
				<key>name</key>
				<string>ofxAssimpMeshHelper.cpp</string>
				<key>path</key>
				<string>../../../../../../../OpenFrameworks/of_v0.10.0_osx_release/addons/ofxAssimpModelLoader/src/ofxAssimpMeshHelper.cpp</string>
				<key>sourceTree</key>
				<string>SOURCE_ROOT</string>
			</dict>
			<key>6948EE371B920CB800B5AC1A</key>
			<dict>
				<key>children</key>
				<array />
				<key>isa</key>
				<string>PBXGroup</string>
				<key>name</key>
				<string>local_addons</string>
				<key>sourceTree</key>
				<string>&lt;group&gt;</string>
			</dict>
			<key>8466F1851C04CA0E00918B1C</key>
			<dict>
				<key>buildActionMask</key>
				<string>12</string>
				<key>files</key>
				<array />
				<key>inputPaths</key>
				<array />
				<key>isa</key>
				<string>PBXShellScriptBuildPhase</string>
				<key>outputPaths</key>
				<array />
				<key>runOnlyForDeploymentPostprocessing</key>
				<string>0</string>
				<key>shellPath</key>
				<string>/bin/sh</string>
				<key>shellScript</key>
				<string>echo "$GCC_PREPROCESSOR_DEFINITIONS";
APPSTORE=`expr "$GCC_PREPROCESSOR_DEFINITIONS" : ".*APPSTORE=\([0-9]*\)"`
if [ -z "$APPSTORE" ] ; then
echo "Note: Not copying bin/data to App Package or doing App Code signing. Use AppStore target for AppStore distribution";
else
# Copy bin/data into App/Resources
rsync -avz --exclude='.DS_Store' "${SRCROOT}/bin/data/" "${TARGET_BUILD_DIR}/${UNLOCALIZED_RESOURCES_FOLDER_PATH}/data/"

# ---- Code Sign App Package ----

# WARNING: You may have to run Clean in Xcode after changing CODE_SIGN_IDENTITY!

# Verify that $CODE_SIGN_IDENTITY is set
if [ -z "${CODE_SIGN_IDENTITY}" ] ; then
echo "CODE_SIGN_IDENTITY needs to be set for framework code-signing"
exit 0
fi

if [ -z "${CODE_SIGN_ENTITLEMENTS}" ] ; then
echo "CODE_SIGN_ENTITLEMENTS needs to be set for framework code-signing!"

if [ "${CONFIGURATION}" = "Release" ] ; then
exit 1
else
# Code-signing is optional for non-release builds.
exit 0
fi
fi

ITEMS=""

FRAMEWORKS_DIR="${TARGET_BUILD_DIR}/${FRAMEWORKS_FOLDER_PATH}"
echo "$FRAMEWORKS_DIR"
if [ -d "$FRAMEWORKS_DIR" ] ; then
FRAMEWORKS=$(find "${FRAMEWORKS_DIR}" -depth -type d -name "*.framework" -or -name "*.dylib" -or -name "*.bundle" | sed -e "s/\(.*framework\)/\1\/Versions\/A\//")
RESULT=$?
if [[ $RESULT != 0 ]] ; then
exit 1
fi

ITEMS="${FRAMEWORKS}"
fi

LOGINITEMS_DIR="${TARGET_BUILD_DIR}/${CONTENTS_FOLDER_PATH}/Library/LoginItems/"
if [ -d "$LOGINITEMS_DIR" ] ; then
LOGINITEMS=$(find "${LOGINITEMS_DIR}" -depth -type d -name "*.app")
RESULT=$?
if [[ $RESULT != 0 ]] ; then
exit 1
fi

ITEMS="${ITEMS}"$'\n'"${LOGINITEMS}"
fi

# Prefer the expanded name, if available.
CODE_SIGN_IDENTITY_FOR_ITEMS="${EXPANDED_CODE_SIGN_IDENTITY_NAME}"
if [ "${CODE_SIGN_IDENTITY_FOR_ITEMS}" = "" ] ; then
# Fall back to old behavior.
CODE_SIGN_IDENTITY_FOR_ITEMS="${CODE_SIGN_IDENTITY}"
fi

echo "Identity:"
echo "${CODE_SIGN_IDENTITY_FOR_ITEMS}"

echo "Entitlements:"
echo "${CODE_SIGN_ENTITLEMENTS}"

echo "Found:"
echo "${ITEMS}"

# Change the Internal Field Separator (IFS) so that spaces in paths will not cause problems below.
SAVED_IFS=$IFS
IFS=$(echo -en "\n\b")

# Loop through all items.
for ITEM in $ITEMS;
do
echo "Signing '${ITEM}'"
codesign --force --verbose --sign "${CODE_SIGN_IDENTITY_FOR_ITEMS}" --entitlements "${CODE_SIGN_ENTITLEMENTS}" "${ITEM}"
RESULT=$?
if [[ $RESULT != 0 ]] ; then
echo "Failed to sign '${ITEM}'."
IFS=$SAVED_IFS
exit 1
fi
done

# Restore $IFS.
IFS=$SAVED_IFS

fi
</string>
			</dict>
			<key>99FA3DBB1C7456C400CFA0EE</key>
			<dict>
				<key>baseConfigurationReference</key>
				<string>E4EB6923138AFD0F00A09F29</string>
				<key>buildSettings</key>
				<dict>
					<key>OTHER_LDFLAGS</key>
					<array>
						<string>$(OF_CORE_FRAMEWORKS) $(OF_CORE_LIBS)</string>
						<string>../../../../../../../OpenFrameworks/of_v0.10.0_osx_release/addons/ofxAssimpModelLoader/libs/assimp/lib/osx/libIrrXML.a</string>
						<string>../../../../../../../OpenFrameworks/of_v0.10.0_osx_release/addons/ofxAssimpModelLoader/libs/assimp/lib/osx/assimp.a</string>
					</array>
					<key>HEADER_SEARCH_PATHS</key>
					<array>
						<string>$(OF_CORE_HEADERS)</string>
						<string>src</string>
						<string>../../../../../../../OpenFrameworks/of_v0.10.0_osx_release/addons/ofxAssimpModelLoader/libs</string>
						<string>../../../../../../../OpenFrameworks/of_v0.10.0_osx_release/addons/ofxAssimpModelLoader/libs/assimp</string>
						<string>../../../../../../../OpenFrameworks/of_v0.10.0_osx_release/addons/ofxAssimpModelLoader/libs/assimp/include</string>
						<string>../../../../../../../OpenFrameworks/of_v0.10.0_osx_release/addons/ofxAssimpModelLoader/libs/assimp/include/assimp</string>
						<string>../../../../../../../OpenFrameworks/of_v0.10.0_osx_release/addons/ofxAssimpModelLoader/libs/assimp/include/assimp/Compiler</string>
						<string>../../../../../../../OpenFrameworks/of_v0.10.0_osx_release/addons/ofxAssimpModelLoader/libs/assimp/include/assimp/port</string>
						<string>../../../../../../../OpenFrameworks/of_v0.10.0_osx_release/addons/ofxAssimpModelLoader/libs/assimp/include/assimp/port/AndroidJNI</string>
						<string>../../../../../../../OpenFrameworks/of_v0.10.0_osx_release/addons/ofxAssimpModelLoader/libs/assimp/lib</string>
						<string>../../../../../../../OpenFrameworks/of_v0.10.0_osx_release/addons/ofxAssimpModelLoader/libs/assimp/lib/emscripten</string>
						<string>../../../../../../../OpenFrameworks/of_v0.10.0_osx_release/addons/ofxAssimpModelLoader/libs/assimp/lib/osx</string>
						<string>../../../../../../../OpenFrameworks/of_v0.10.0_osx_release/addons/ofxAssimpModelLoader/libs/assimp/license</string>
						<string>../../../../../../../OpenFrameworks/of_v0.10.0_osx_release/addons/ofxAssimpModelLoader/src</string>
						<string>../../../../../../../OpenFrameworks/of_v0.10.0_osx_release/addons/ofxGui/src</string>
					</array>
					<key>CONFIGURATION_BUILD_DIR</key>
					<string>$(SRCROOT)/bin/</string>
					<key>COPY_PHASE_STRIP</key>
					<string>YES</string>
					<key>DEAD_CODE_STRIPPING</key>
					<string>YES</string>
					<key>GCC_AUTO_VECTORIZATION</key>
					<string>YES</string>
					<key>GCC_ENABLE_SSE3_EXTENSIONS</key>
					<string>YES</string>
					<key>GCC_ENABLE_SUPPLEMENTAL_SSE3_INSTRUCTIONS</key>
					<string>YES</string>
					<key>GCC_INLINES_ARE_PRIVATE_EXTERN</key>
					<string>NO</string>
					<key>GCC_OPTIMIZATION_LEVEL</key>
					<string>3</string>
					<key>GCC_PREPROCESSOR_DEFINITIONS[arch=*]</key>
					<string>DISTRIBUTION=1</string>
					<key>GCC_SYMBOLS_PRIVATE_EXTERN</key>
					<string>NO</string>
					<key>GCC_UNROLL_LOOPS</key>
					<string>YES</string>
					<key>GCC_WARN_ABOUT_DEPRECATED_FUNCTIONS</key>
					<string>YES</string>
					<key>GCC_WARN_ABOUT_INVALID_OFFSETOF_MACRO</key>
					<string>NO</string>
					<key>GCC_WARN_ALLOW_INCOMPLETE_PROTOCOL</key>
					<string>NO</string>
					<key>GCC_WARN_UNINITIALIZED_AUTOS</key>
					<string>NO</string>
					<key>GCC_WARN_UNUSED_VALUE</key>
					<string>NO</string>
					<key>GCC_WARN_UNUSED_VARIABLE</key>
					<string>NO</string>
					<key>MACOSX_DEPLOYMENT_TARGET</key>
					<string>10.9</string>
					<key>OTHER_CPLUSPLUSFLAGS</key>
					<array>
						<string>-D__MACOSX_CORE__</string>
						<string>-mtune=native</string>
					</array>
					<key>SDKROOT</key>
					<string>macosx</string>
				</dict>
				<key>isa</key>
				<string>XCBuildConfiguration</string>
				<key>name</key>
				<string>AppStore</string>
			</dict>
			<key>99FA3DBC1C7456C400CFA0EE</key>
			<dict>
				<key>baseConfigurationReference</key>
				<string>E4EB6923138AFD0F00A09F29</string>
				<key>buildSettings</key>
				<dict>
					<key>OTHER_LDFLAGS</key>
					<array>
						<string>$(OF_CORE_FRAMEWORKS) $(OF_CORE_LIBS)</string>
						<string>../../../../../../../OpenFrameworks/of_v0.10.0_osx_release/addons/ofxAssimpModelLoader/libs/assimp/lib/osx/libIrrXML.a</string>
						<string>../../../../../../../OpenFrameworks/of_v0.10.0_osx_release/addons/ofxAssimpModelLoader/libs/assimp/lib/osx/assimp.a</string>
					</array>
					<key>HEADER_SEARCH_PATHS</key>
					<array>
						<string>$(OF_CORE_HEADERS)</string>
						<string>src</string>
						<string>../../../../../../../OpenFrameworks/of_v0.10.0_osx_release/addons/ofxAssimpModelLoader/libs</string>
						<string>../../../../../../../OpenFrameworks/of_v0.10.0_osx_release/addons/ofxAssimpModelLoader/libs/assimp</string>
						<string>../../../../../../../OpenFrameworks/of_v0.10.0_osx_release/addons/ofxAssimpModelLoader/libs/assimp/include</string>
						<string>../../../../../../../OpenFrameworks/of_v0.10.0_osx_release/addons/ofxAssimpModelLoader/libs/assimp/include/assimp</string>
						<string>../../../../../../../OpenFrameworks/of_v0.10.0_osx_release/addons/ofxAssimpModelLoader/libs/assimp/include/assimp/Compiler</string>
						<string>../../../../../../../OpenFrameworks/of_v0.10.0_osx_release/addons/ofxAssimpModelLoader/libs/assimp/include/assimp/port</string>
						<string>../../../../../../../OpenFrameworks/of_v0.10.0_osx_release/addons/ofxAssimpModelLoader/libs/assimp/include/assimp/port/AndroidJNI</string>
						<string>../../../../../../../OpenFrameworks/of_v0.10.0_osx_release/addons/ofxAssimpModelLoader/libs/assimp/lib</string>
						<string>../../../../../../../OpenFrameworks/of_v0.10.0_osx_release/addons/ofxAssimpModelLoader/libs/assimp/lib/emscripten</string>
						<string>../../../../../../../OpenFrameworks/of_v0.10.0_osx_release/addons/ofxAssimpModelLoader/libs/assimp/lib/osx</string>
						<string>../../../../../../../OpenFrameworks/of_v0.10.0_osx_release/addons/ofxAssimpModelLoader/libs/assimp/license</string>
						<string>../../../../../../../OpenFrameworks/of_v0.10.0_osx_release/addons/ofxAssimpModelLoader/src</string>
						<string>../../../../../../../OpenFrameworks/of_v0.10.0_osx_release/addons/ofxGui/src</string>
					</array>
					<key>COMBINE_HIDPI_IMAGES</key>
					<string>YES</string>
					<key>COPY_PHASE_STRIP</key>
					<string>YES</string>
					<key>FRAMEWORK_SEARCH_PATHS</key>
					<array>
						<string>$(inherited)</string>
					</array>
					<key>GCC_GENERATE_DEBUGGING_SYMBOLS</key>
					<string>YES</string>
					<key>GCC_MODEL_TUNING</key>
					<string>NONE</string>
					<key>GCC_PREPROCESSOR_DEFINITIONS[arch=*]</key>
					<string>APPSTORE=1</string>
					<key>ICON</key>
					<string>$(ICON_NAME_RELEASE)</string>
					<key>ICON_FILE</key>
					<string>$(ICON_FILE_PATH)$(ICON)</string>
					<key>INFOPLIST_FILE</key>
					<string>openFrameworks-Info.plist</string>
					<key>INSTALL_PATH</key>
					<string>/Applications</string>
					<key>LIBRARY_SEARCH_PATHS</key>
					<string>$(inherited)</string>
					<key>PRODUCT_NAME</key>
					<string>$(TARGET_NAME)</string>
					<key>WRAPPER_EXTENSION</key>
					<string>app</string>
					<key>baseConfigurationReference</key>
					<string>E4EB6923138AFD0F00A09F29</string>
				</dict>
				<key>isa</key>
				<string>XCBuildConfiguration</string>
				<key>name</key>
				<string>AppStore</string>
			</dict>
			<key>BB4B014C10F69532006C3DED</key>
			<dict>
				<key>children</key>
				<array>
					<string>2C8F245ACBE61E28646C17F2</string>
					<string>480A780D8D0308AE4A368801</string>
				</array>
				<key>isa</key>
				<string>PBXGroup</string>
				<key>name</key>
				<string>addons</string>
				<key>sourceTree</key>
				<string>&lt;group&gt;</string>
			</dict>
			<key>E4328143138ABC890047C5CB</key>
			<dict>
				<key>isa</key>
				<string>PBXFileReference</string>
				<key>lastKnownFileType</key>
				<string>wrapper.pb-project</string>
				<key>name</key>
				<string>openFrameworksLib.xcodeproj</string>
				<key>path</key>
				<string>../../../../../../../OpenFrameworks/of_v0.10.0_osx_release/libs/openFrameworksCompiled/project/osx/openFrameworksLib.xcodeproj</string>
				<key>sourceTree</key>
				<string>SOURCE_ROOT</string>
			</dict>
			<key>E4328144138ABC890047C5CB</key>
			<dict>
				<key>children</key>
				<array>
					<string>E4328148138ABC890047C5CB</string>
				</array>
				<key>isa</key>
				<string>PBXGroup</string>
				<key>name</key>
				<string>Products</string>
				<key>sourceTree</key>
				<string>&lt;group&gt;</string>
			</dict>
			<key>E4328147138ABC890047C5CB</key>
			<dict>
				<key>containerPortal</key>
				<string>E4328143138ABC890047C5CB</string>
				<key>isa</key>
				<string>PBXContainerItemProxy</string>
				<key>proxyType</key>
				<string>2</string>
				<key>remoteGlobalIDString</key>
				<string>E4B27C1510CBEB8E00536013</string>
				<key>remoteInfo</key>
				<string>openFrameworks</string>
			</dict>
			<key>E4328148138ABC890047C5CB</key>
			<dict>
				<key>fileType</key>
				<string>archive.ar</string>
				<key>isa</key>
				<string>PBXReferenceProxy</string>
				<key>path</key>
				<string>openFrameworksDebug.a</string>
				<key>remoteRef</key>
				<string>E4328147138ABC890047C5CB</string>
				<key>sourceTree</key>
				<string>BUILT_PRODUCTS_DIR</string>
			</dict>
			<key>E4328149138ABC9F0047C5CB</key>
			<dict>
				<key>fileRef</key>
				<string>E4328148138ABC890047C5CB</string>
				<key>isa</key>
				<string>PBXBuildFile</string>
			</dict>
			<key>E4B69B4A0A3A1720003C02F2</key>
			<dict>
				<key>children</key>
				<array>
					<string>E4B6FCAD0C3E899E008CF71C</string>
					<string>E4EB6923138AFD0F00A09F29</string>
					<string>E4B69E1C0A3A1BDC003C02F2</string>
					<string>E4EEC9E9138DF44700A80321</string>
					<string>BB4B014C10F69532006C3DED</string>
					<string>6948EE371B920CB800B5AC1A</string>
					<string>E4B69B5B0A3A1756003C02F2</string>
				</array>
				<key>isa</key>
				<string>PBXGroup</string>
				<key>sourceTree</key>
				<string>&lt;group&gt;</string>
			</dict>
			<key>E4B69B4C0A3A1720003C02F2</key>
			<dict>
				<key>attributes</key>
				<dict>
					<key>LastUpgradeCheck</key>
					<string>0600</string>
				</dict>
				<key>buildConfigurationList</key>
				<string>E4B69B4D0A3A1720003C02F2</string>
				<key>compatibilityVersion</key>
				<string>Xcode 3.2</string>
				<key>developmentRegion</key>
				<string>English</string>
				<key>hasScannedForEncodings</key>
				<string>0</string>
				<key>isa</key>
				<string>PBXProject</string>
				<key>knownRegions</key>
				<array>
					<string>English</string>
					<string>Japanese</string>
					<string>French</string>
					<string>German</string>
				</array>
				<key>mainGroup</key>
				<string>E4B69B4A0A3A1720003C02F2</string>
				<key>productRefGroup</key>
				<string>E4B69B4A0A3A1720003C02F2</string>
				<key>projectDirPath</key>
				<string />
				<key>projectReferences</key>
				<array>
					<dict>
						<key>ProductGroup</key>
						<string>E4328144138ABC890047C5CB</string>
						<key>ProjectRef</key>
						<string>E4328143138ABC890047C5CB</string>
					</dict>
				</array>
				<key>projectRoot</key>
				<string />
				<key>targets</key>
				<array>
					<string>E4B69B5A0A3A1756003C02F2</string>
				</array>
			</dict>
			<key>E4B69B4D0A3A1720003C02F2</key>
			<dict>
				<key>buildConfigurations</key>
				<array>
					<string>E4B69B4E0A3A1720003C02F2</string>
					<string>E4B69B4F0A3A1720003C02F2</string>
					<string>99FA3DBB1C7456C400CFA0EE</string>
				</array>
				<key>defaultConfigurationIsVisible</key>
				<string>0</string>
				<key>defaultConfigurationName</key>
				<string>Release</string>
				<key>isa</key>
				<string>XCConfigurationList</string>
			</dict>
			<key>E4B69B4E0A3A1720003C02F2</key>
			<dict>
				<key>baseConfigurationReference</key>
				<string>E4EB6923138AFD0F00A09F29</string>
				<key>buildSettings</key>
				<dict>
					<key>OTHER_LDFLAGS</key>
					<array>
						<string>$(OF_CORE_FRAMEWORKS) $(OF_CORE_LIBS)</string>
						<string>../../../../../../../OpenFrameworks/of_v0.10.0_osx_release/addons/ofxAssimpModelLoader/libs/assimp/lib/osx/libIrrXML.a</string>
						<string>../../../../../../../OpenFrameworks/of_v0.10.0_osx_release/addons/ofxAssimpModelLoader/libs/assimp/lib/osx/assimp.a</string>
					</array>
					<key>HEADER_SEARCH_PATHS</key>
					<array>
						<string>$(OF_CORE_HEADERS)</string>
						<string>src</string>
						<string>../../../../../../../OpenFrameworks/of_v0.10.0_osx_release/addons/ofxAssimpModelLoader/libs</string>
						<string>../../../../../../../OpenFrameworks/of_v0.10.0_osx_release/addons/ofxAssimpModelLoader/libs/assimp</string>
						<string>../../../../../../../OpenFrameworks/of_v0.10.0_osx_release/addons/ofxAssimpModelLoader/libs/assimp/include</string>
						<string>../../../../../../../OpenFrameworks/of_v0.10.0_osx_release/addons/ofxAssimpModelLoader/libs/assimp/include/assimp</string>
						<string>../../../../../../../OpenFrameworks/of_v0.10.0_osx_release/addons/ofxAssimpModelLoader/libs/assimp/include/assimp/Compiler</string>
						<string>../../../../../../../OpenFrameworks/of_v0.10.0_osx_release/addons/ofxAssimpModelLoader/libs/assimp/include/assimp/port</string>
						<string>../../../../../../../OpenFrameworks/of_v0.10.0_osx_release/addons/ofxAssimpModelLoader/libs/assimp/include/assimp/port/AndroidJNI</string>
						<string>../../../../../../../OpenFrameworks/of_v0.10.0_osx_release/addons/ofxAssimpModelLoader/libs/assimp/lib</string>
						<string>../../../../../../../OpenFrameworks/of_v0.10.0_osx_release/addons/ofxAssimpModelLoader/libs/assimp/lib/emscripten</string>
						<string>../../../../../../../OpenFrameworks/of_v0.10.0_osx_release/addons/ofxAssimpModelLoader/libs/assimp/lib/osx</string>
						<string>../../../../../../../OpenFrameworks/of_v0.10.0_osx_release/addons/ofxAssimpModelLoader/libs/assimp/license</string>
						<string>../../../../../../../OpenFrameworks/of_v0.10.0_osx_release/addons/ofxAssimpModelLoader/src</string>
						<string>../../../../../../../OpenFrameworks/of_v0.10.0_osx_release/addons/ofxGui/src</string>
					</array>
					<key>CONFIGURATION_BUILD_DIR</key>
					<string>$(SRCROOT)/bin/</string>
					<key>COPY_PHASE_STRIP</key>
					<string>NO</string>
					<key>DEAD_CODE_STRIPPING</key>
					<string>YES</string>
					<key>GCC_AUTO_VECTORIZATION</key>
					<string>YES</string>
					<key>GCC_ENABLE_SSE3_EXTENSIONS</key>
					<string>YES</string>
					<key>GCC_ENABLE_SUPPLEMENTAL_SSE3_INSTRUCTIONS</key>
					<string>YES</string>
					<key>GCC_INLINES_ARE_PRIVATE_EXTERN</key>
					<string>NO</string>
					<key>GCC_OPTIMIZATION_LEVEL</key>
					<string>0</string>
					<key>GCC_SYMBOLS_PRIVATE_EXTERN</key>
					<string>NO</string>
					<key>GCC_WARN_ABOUT_DEPRECATED_FUNCTIONS</key>
					<string>YES</string>
					<key>GCC_WARN_ABOUT_INVALID_OFFSETOF_MACRO</key>
					<string>NO</string>
					<key>GCC_WARN_ALLOW_INCOMPLETE_PROTOCOL</key>
					<string>NO</string>
					<key>GCC_WARN_UNINITIALIZED_AUTOS</key>
					<string>NO</string>
					<key>GCC_WARN_UNUSED_VALUE</key>
					<string>NO</string>
					<key>GCC_WARN_UNUSED_VARIABLE</key>
					<string>NO</string>
					<key>MACOSX_DEPLOYMENT_TARGET</key>
					<string>10.9</string>
					<key>ONLY_ACTIVE_ARCH</key>
					<string>YES</string>
					<key>OTHER_CPLUSPLUSFLAGS</key>
					<array>
						<string>-D__MACOSX_CORE__</string>
						<string>-mtune=native</string>
					</array>
					<key>SDKROOT</key>
					<string>macosx</string>
				</dict>
				<key>isa</key>
				<string>XCBuildConfiguration</string>
				<key>name</key>
				<string>Debug</string>
			</dict>
			<key>E4B69B4F0A3A1720003C02F2</key>
			<dict>
				<key>baseConfigurationReference</key>
				<string>E4EB6923138AFD0F00A09F29</string>
				<key>buildSettings</key>
				<dict>
					<key>OTHER_LDFLAGS</key>
					<array>
						<string>$(OF_CORE_FRAMEWORKS) $(OF_CORE_LIBS)</string>
						<string>../../../../../../../OpenFrameworks/of_v0.10.0_osx_release/addons/ofxAssimpModelLoader/libs/assimp/lib/osx/libIrrXML.a</string>
						<string>../../../../../../../OpenFrameworks/of_v0.10.0_osx_release/addons/ofxAssimpModelLoader/libs/assimp/lib/osx/assimp.a</string>
					</array>
					<key>HEADER_SEARCH_PATHS</key>
					<array>
						<string>$(OF_CORE_HEADERS)</string>
						<string>src</string>
						<string>../../../../../../../OpenFrameworks/of_v0.10.0_osx_release/addons/ofxAssimpModelLoader/libs</string>
						<string>../../../../../../../OpenFrameworks/of_v0.10.0_osx_release/addons/ofxAssimpModelLoader/libs/assimp</string>
						<string>../../../../../../../OpenFrameworks/of_v0.10.0_osx_release/addons/ofxAssimpModelLoader/libs/assimp/include</string>
						<string>../../../../../../../OpenFrameworks/of_v0.10.0_osx_release/addons/ofxAssimpModelLoader/libs/assimp/include/assimp</string>
						<string>../../../../../../../OpenFrameworks/of_v0.10.0_osx_release/addons/ofxAssimpModelLoader/libs/assimp/include/assimp/Compiler</string>
						<string>../../../../../../../OpenFrameworks/of_v0.10.0_osx_release/addons/ofxAssimpModelLoader/libs/assimp/include/assimp/port</string>
						<string>../../../../../../../OpenFrameworks/of_v0.10.0_osx_release/addons/ofxAssimpModelLoader/libs/assimp/include/assimp/port/AndroidJNI</string>
						<string>../../../../../../../OpenFrameworks/of_v0.10.0_osx_release/addons/ofxAssimpModelLoader/libs/assimp/lib</string>
						<string>../../../../../../../OpenFrameworks/of_v0.10.0_osx_release/addons/ofxAssimpModelLoader/libs/assimp/lib/emscripten</string>
						<string>../../../../../../../OpenFrameworks/of_v0.10.0_osx_release/addons/ofxAssimpModelLoader/libs/assimp/lib/osx</string>
						<string>../../../../../../../OpenFrameworks/of_v0.10.0_osx_release/addons/ofxAssimpModelLoader/libs/assimp/license</string>
						<string>../../../../../../../OpenFrameworks/of_v0.10.0_osx_release/addons/ofxAssimpModelLoader/src</string>
						<string>../../../../../../../OpenFrameworks/of_v0.10.0_osx_release/addons/ofxGui/src</string>
					</array>
					<key>CONFIGURATION_BUILD_DIR</key>
					<string>$(SRCROOT)/bin/</string>
					<key>COPY_PHASE_STRIP</key>
					<string>YES</string>
					<key>DEAD_CODE_STRIPPING</key>
					<string>YES</string>
					<key>GCC_AUTO_VECTORIZATION</key>
					<string>YES</string>
					<key>GCC_ENABLE_SSE3_EXTENSIONS</key>
					<string>YES</string>
					<key>GCC_ENABLE_SUPPLEMENTAL_SSE3_INSTRUCTIONS</key>
					<string>YES</string>
					<key>GCC_INLINES_ARE_PRIVATE_EXTERN</key>
					<string>NO</string>
					<key>GCC_OPTIMIZATION_LEVEL</key>
					<string>3</string>
					<key>GCC_SYMBOLS_PRIVATE_EXTERN</key>
					<string>NO</string>
					<key>GCC_UNROLL_LOOPS</key>
					<string>YES</string>
					<key>GCC_WARN_ABOUT_DEPRECATED_FUNCTIONS</key>
					<string>YES</string>
					<key>GCC_WARN_ABOUT_INVALID_OFFSETOF_MACRO</key>
					<string>NO</string>
					<key>GCC_WARN_ALLOW_INCOMPLETE_PROTOCOL</key>
					<string>NO</string>
					<key>GCC_WARN_UNINITIALIZED_AUTOS</key>
					<string>NO</string>
					<key>GCC_WARN_UNUSED_VALUE</key>
					<string>NO</string>
					<key>GCC_WARN_UNUSED_VARIABLE</key>
					<string>NO</string>
					<key>MACOSX_DEPLOYMENT_TARGET</key>
					<string>10.9</string>
					<key>OTHER_CPLUSPLUSFLAGS</key>
					<array>
						<string>-D__MACOSX_CORE__</string>
						<string>-mtune=native</string>
					</array>
					<key>SDKROOT</key>
					<string>macosx</string>
				</dict>
				<key>isa</key>
				<string>XCBuildConfiguration</string>
				<key>name</key>
				<string>Release</string>
			</dict>
			<key>E4B69B580A3A1756003C02F2</key>
			<dict>
				<key>buildActionMask</key>
				<string>2147483647</string>
				<key>files</key>
				<array>
					<string>E4B69E200A3A1BDC003C02F2</string>
					<string>E4B69E210A3A1BDC003C02F2</string>
					<string>531CE13BCD61B73EF36C1AE9</string>
					<string>DA5C6D4C2E4BFB84FAD0B81C</string>
					<string>6617E714989FB518B255FC74</string>
					<string>05492E2BB6E6BDEBFE5C15A1</string>
					<string>9890B63273DAE50DAAF8CE34</string>
					<string>C6F690ECDD336EE2D3D4C1BD</string>
					<string>5AFB6D20FCD36877CAA42FD7</string>
					<string>8C0CCDEBFDFD00D1F0E6424B</string>
					<string>7E7ADC4F292D85DA1C6355AB</string>
					<string>0E457229ACBF1798454D1D29</string>
					<string>6E537B736E83DCF09E56602C</string>
					<string>839A07763403C82F6AC9B86B</string>
					<string>6A7BB105C8348850AFBE068C</string>
					<string>9B2E8F7F432049A82BE2EB48</string>
				</array>
				<key>isa</key>
				<string>PBXSourcesBuildPhase</string>
				<key>runOnlyForDeploymentPostprocessing</key>
				<string>0</string>
			</dict>
			<key>E4B69B590A3A1756003C02F2</key>
			<dict>
				<key>buildActionMask</key>
				<string>2147483647</string>
				<key>files</key>
				<array>
					<string>E4328149138ABC9F0047C5CB</string>
				</array>
				<key>isa</key>
				<string>PBXFrameworksBuildPhase</string>
				<key>runOnlyForDeploymentPostprocessing</key>
				<string>0</string>
			</dict>
			<key>E4B69B5A0A3A1756003C02F2</key>
			<dict>
				<key>buildConfigurationList</key>
				<string>E4B69B5F0A3A1757003C02F2</string>
				<key>buildPhases</key>
				<array>
					<string>E4B69B580A3A1756003C02F2</string>
					<string>E4B69B590A3A1756003C02F2</string>
					<string>E4B6FFFD0C3F9AB9008CF71C</string>
					<string>E4C2427710CC5ABF004149E2</string>
					<string>8466F1851C04CA0E00918B1C</string>
				</array>
				<key>buildRules</key>
				<array />
				<key>dependencies</key>
				<array>
					<string>E4EEB9AC138B136A00A80321</string>
				</array>
				<key>isa</key>
				<string>PBXNativeTarget</string>
				<key>name</key>
				<string>noise3dMesh</string>
				<key>productName</key>
				<string>myOFApp</string>
				<key>productReference</key>
				<string>E4B69B5B0A3A1756003C02F2</string>
				<key>productType</key>
				<string>com.apple.product-type.application</string>
			</dict>
			<key>E4B69B5B0A3A1756003C02F2</key>
			<dict>
				<key>explicitFileType</key>
				<string>wrapper.application</string>
				<key>includeInIndex</key>
				<string>0</string>
				<key>isa</key>
				<string>PBXFileReference</string>
				<key>path</key>
				<string>noise3dMeshDebug.app</string>
				<key>sourceTree</key>
				<string>BUILT_PRODUCTS_DIR</string>
			</dict>
			<key>E4B69B5F0A3A1757003C02F2</key>
			<dict>
				<key>buildConfigurations</key>
				<array>
					<string>E4B69B600A3A1757003C02F2</string>
					<string>E4B69B610A3A1757003C02F2</string>
					<string>99FA3DBC1C7456C400CFA0EE</string>
				</array>
				<key>defaultConfigurationIsVisible</key>
				<string>0</string>
				<key>defaultConfigurationName</key>
				<string>Release</string>
				<key>isa</key>
				<string>XCConfigurationList</string>
			</dict>
			<key>E4B69B600A3A1757003C02F2</key>
			<dict>
				<key>baseConfigurationReference</key>
				<string>E4EB6923138AFD0F00A09F29</string>
				<key>buildSettings</key>
				<dict>
					<key>OTHER_LDFLAGS</key>
					<array>
						<string>$(OF_CORE_FRAMEWORKS) $(OF_CORE_LIBS)</string>
						<string>../../../../../../../OpenFrameworks/of_v0.10.0_osx_release/addons/ofxAssimpModelLoader/libs/assimp/lib/osx/libIrrXML.a</string>
						<string>../../../../../../../OpenFrameworks/of_v0.10.0_osx_release/addons/ofxAssimpModelLoader/libs/assimp/lib/osx/assimp.a</string>
					</array>
					<key>HEADER_SEARCH_PATHS</key>
					<array>
						<string>$(OF_CORE_HEADERS)</string>
						<string>src</string>
						<string>../../../../../../../OpenFrameworks/of_v0.10.0_osx_release/addons/ofxAssimpModelLoader/libs</string>
						<string>../../../../../../../OpenFrameworks/of_v0.10.0_osx_release/addons/ofxAssimpModelLoader/libs/assimp</string>
						<string>../../../../../../../OpenFrameworks/of_v0.10.0_osx_release/addons/ofxAssimpModelLoader/libs/assimp/include</string>
						<string>../../../../../../../OpenFrameworks/of_v0.10.0_osx_release/addons/ofxAssimpModelLoader/libs/assimp/include/assimp</string>
						<string>../../../../../../../OpenFrameworks/of_v0.10.0_osx_release/addons/ofxAssimpModelLoader/libs/assimp/include/assimp/Compiler</string>
						<string>../../../../../../../OpenFrameworks/of_v0.10.0_osx_release/addons/ofxAssimpModelLoader/libs/assimp/include/assimp/port</string>
						<string>../../../../../../../OpenFrameworks/of_v0.10.0_osx_release/addons/ofxAssimpModelLoader/libs/assimp/include/assimp/port/AndroidJNI</string>
						<string>../../../../../../../OpenFrameworks/of_v0.10.0_osx_release/addons/ofxAssimpModelLoader/libs/assimp/lib</string>
						<string>../../../../../../../OpenFrameworks/of_v0.10.0_osx_release/addons/ofxAssimpModelLoader/libs/assimp/lib/emscripten</string>
						<string>../../../../../../../OpenFrameworks/of_v0.10.0_osx_release/addons/ofxAssimpModelLoader/libs/assimp/lib/osx</string>
						<string>../../../../../../../OpenFrameworks/of_v0.10.0_osx_release/addons/ofxAssimpModelLoader/libs/assimp/license</string>
						<string>../../../../../../../OpenFrameworks/of_v0.10.0_osx_release/addons/ofxAssimpModelLoader/src</string>
						<string>../../../../../../../OpenFrameworks/of_v0.10.0_osx_release/addons/ofxGui/src</string>
					</array>
					<key>COMBINE_HIDPI_IMAGES</key>
					<string>YES</string>
					<key>COPY_PHASE_STRIP</key>
					<string>NO</string>
					<key>FRAMEWORK_SEARCH_PATHS</key>
					<array>
						<string>$(inherited)</string>
					</array>
					<key>GCC_DYNAMIC_NO_PIC</key>
					<string>NO</string>
					<key>GCC_GENERATE_DEBUGGING_SYMBOLS</key>
					<string>YES</string>
					<key>GCC_MODEL_TUNING</key>
					<string>NONE</string>
					<key>ICON</key>
					<string>$(ICON_NAME_DEBUG)</string>
					<key>ICON_FILE</key>
					<string>$(ICON_FILE_PATH)$(ICON)</string>
					<key>INFOPLIST_FILE</key>
					<string>openFrameworks-Info.plist</string>
					<key>INSTALL_PATH</key>
					<string>/Applications</string>
					<key>LIBRARY_SEARCH_PATHS</key>
					<string>$(inherited)</string>
					<key>PRODUCT_NAME</key>
					<string>$(TARGET_NAME)Debug</string>
					<key>WRAPPER_EXTENSION</key>
					<string>app</string>
				</dict>
				<key>isa</key>
				<string>XCBuildConfiguration</string>
				<key>name</key>
				<string>Debug</string>
			</dict>
			<key>E4B69B610A3A1757003C02F2</key>
			<dict>
				<key>baseConfigurationReference</key>
				<string>E4EB6923138AFD0F00A09F29</string>
				<key>buildSettings</key>
				<dict>
					<key>OTHER_LDFLAGS</key>
					<array>
						<string>$(OF_CORE_FRAMEWORKS) $(OF_CORE_LIBS)</string>
						<string>../../../../../../../OpenFrameworks/of_v0.10.0_osx_release/addons/ofxAssimpModelLoader/libs/assimp/lib/osx/libIrrXML.a</string>
						<string>../../../../../../../OpenFrameworks/of_v0.10.0_osx_release/addons/ofxAssimpModelLoader/libs/assimp/lib/osx/assimp.a</string>
					</array>
					<key>HEADER_SEARCH_PATHS</key>
					<array>
						<string>$(OF_CORE_HEADERS)</string>
						<string>src</string>
						<string>../../../../../../../OpenFrameworks/of_v0.10.0_osx_release/addons/ofxAssimpModelLoader/libs</string>
						<string>../../../../../../../OpenFrameworks/of_v0.10.0_osx_release/addons/ofxAssimpModelLoader/libs/assimp</string>
						<string>../../../../../../../OpenFrameworks/of_v0.10.0_osx_release/addons/ofxAssimpModelLoader/libs/assimp/include</string>
						<string>../../../../../../../OpenFrameworks/of_v0.10.0_osx_release/addons/ofxAssimpModelLoader/libs/assimp/include/assimp</string>
						<string>../../../../../../../OpenFrameworks/of_v0.10.0_osx_release/addons/ofxAssimpModelLoader/libs/assimp/include/assimp/Compiler</string>
						<string>../../../../../../../OpenFrameworks/of_v0.10.0_osx_release/addons/ofxAssimpModelLoader/libs/assimp/include/assimp/port</string>
						<string>../../../../../../../OpenFrameworks/of_v0.10.0_osx_release/addons/ofxAssimpModelLoader/libs/assimp/include/assimp/port/AndroidJNI</string>
						<string>../../../../../../../OpenFrameworks/of_v0.10.0_osx_release/addons/ofxAssimpModelLoader/libs/assimp/lib</string>
						<string>../../../../../../../OpenFrameworks/of_v0.10.0_osx_release/addons/ofxAssimpModelLoader/libs/assimp/lib/emscripten</string>
						<string>../../../../../../../OpenFrameworks/of_v0.10.0_osx_release/addons/ofxAssimpModelLoader/libs/assimp/lib/osx</string>
						<string>../../../../../../../OpenFrameworks/of_v0.10.0_osx_release/addons/ofxAssimpModelLoader/libs/assimp/license</string>
						<string>../../../../../../../OpenFrameworks/of_v0.10.0_osx_release/addons/ofxAssimpModelLoader/src</string>
						<string>../../../../../../../OpenFrameworks/of_v0.10.0_osx_release/addons/ofxGui/src</string>
					</array>
					<key>COMBINE_HIDPI_IMAGES</key>
					<string>YES</string>
					<key>COPY_PHASE_STRIP</key>
					<string>YES</string>
					<key>FRAMEWORK_SEARCH_PATHS</key>
					<array>
						<string>$(inherited)</string>
					</array>
					<key>GCC_GENERATE_DEBUGGING_SYMBOLS</key>
					<string>YES</string>
					<key>GCC_MODEL_TUNING</key>
					<string>NONE</string>
					<key>ICON</key>
					<string>$(ICON_NAME_RELEASE)</string>
					<key>ICON_FILE</key>
					<string>$(ICON_FILE_PATH)$(ICON)</string>
					<key>INFOPLIST_FILE</key>
					<string>openFrameworks-Info.plist</string>
					<key>INSTALL_PATH</key>
					<string>/Applications</string>
					<key>LIBRARY_SEARCH_PATHS</key>
					<string>$(inherited)</string>
					<key>PRODUCT_NAME</key>
					<string>$(TARGET_NAME)</string>
					<key>WRAPPER_EXTENSION</key>
					<string>app</string>
					<key>baseConfigurationReference</key>
					<string>E4EB6923138AFD0F00A09F29</string>
				</dict>
				<key>isa</key>
				<string>XCBuildConfiguration</string>
				<key>name</key>
				<string>Release</string>
			</dict>
			<key>E4B69E1C0A3A1BDC003C02F2</key>
			<dict>
				<key>children</key>
				<array>
					<string>E4B69E1D0A3A1BDC003C02F2</string>
					<string>E4B69E1E0A3A1BDC003C02F2</string>
					<string>E4B69E1F0A3A1BDC003C02F2</string>
				</array>
				<key>isa</key>
				<string>PBXGroup</string>
				<key>path</key>
				<string>src</string>
				<key>sourceTree</key>
				<string>SOURCE_ROOT</string>
			</dict>
			<key>E4B69E1D0A3A1BDC003C02F2</key>
			<dict>
				<key>fileEncoding</key>
				<string>4</string>
				<key>isa</key>
				<string>PBXFileReference</string>
				<key>lastKnownFileType</key>
				<string>sourcecode.cpp.cpp</string>
				<key>name</key>
				<string>main.cpp</string>
				<key>path</key>
				<string>src/main.cpp</string>
				<key>sourceTree</key>
				<string>SOURCE_ROOT</string>
			</dict>
			<key>E4B69E1E0A3A1BDC003C02F2</key>
			<dict>
				<key>explicitFileType</key>
				<string>sourcecode.cpp.cpp</string>
				<key>fileEncoding</key>
				<string>4</string>
				<key>isa</key>
				<string>PBXFileReference</string>
				<key>name</key>
				<string>ofApp.cpp</string>
				<key>path</key>
				<string>src/ofApp.cpp</string>
				<key>sourceTree</key>
				<string>SOURCE_ROOT</string>
			</dict>
			<key>E4B69E1F0A3A1BDC003C02F2</key>
			<dict>
				<key>fileEncoding</key>
				<string>4</string>
				<key>isa</key>
				<string>PBXFileReference</string>
				<key>lastKnownFileType</key>
				<string>sourcecode.c.h</string>
				<key>name</key>
				<string>ofApp.h</string>
				<key>path</key>
				<string>src/ofApp.h</string>
				<key>sourceTree</key>
				<string>SOURCE_ROOT</string>
			</dict>
			<key>E4B69E200A3A1BDC003C02F2</key>
			<dict>
				<key>fileRef</key>
				<string>E4B69E1D0A3A1BDC003C02F2</string>
				<key>isa</key>
				<string>PBXBuildFile</string>
			</dict>
			<key>E4B69E210A3A1BDC003C02F2</key>
			<dict>
				<key>fileRef</key>
				<string>E4B69E1E0A3A1BDC003C02F2</string>
				<key>isa</key>
				<string>PBXBuildFile</string>
			</dict>
			<key>E4B6FCAD0C3E899E008CF71C</key>
			<dict>
				<key>fileEncoding</key>
				<string>4</string>
				<key>isa</key>
				<string>PBXFileReference</string>
				<key>lastKnownFileType</key>
				<string>text.plist.xml</string>
				<key>path</key>
				<string>openFrameworks-Info.plist</string>
				<key>sourceTree</key>
				<string>&lt;group&gt;</string>
			</dict>
			<key>E4B6FFFD0C3F9AB9008CF71C</key>
			<dict>
				<key>buildActionMask</key>
				<string>2147483647</string>
				<key>files</key>
				<array />
				<key>inputPaths</key>
				<array />
				<key>isa</key>
				<string>PBXShellScriptBuildPhase</string>
				<key>outputPaths</key>
				<array />
				<key>runOnlyForDeploymentPostprocessing</key>
				<string>0</string>
				<key>shellPath</key>
				<string>/bin/sh</string>
				<key>shellScript</key>
				<string>mkdir -p "$TARGET_BUILD_DIR/$PRODUCT_NAME.app/Contents/Resources/"
# Copy default icon file into App/Resources
rsync -aved "$ICON_FILE" "$TARGET_BUILD_DIR/$PRODUCT_NAME.app/Contents/Resources/"
# Copy libfmod and change install directory for fmod to run
rsync -aved "$OF_PATH/libs/fmodex/lib/osx/libfmodex.dylib" "$TARGET_BUILD_DIR/$PRODUCT_NAME.app/Contents/Frameworks/";
install_name_tool -change @executable_path/libfmodex.dylib @executable_path/../Frameworks/libfmodex.dylib "$TARGET_BUILD_DIR/$PRODUCT_NAME.app/Contents/MacOS/$PRODUCT_NAME";

echo "$GCC_PREPROCESSOR_DEFINITIONS";
</string>
			</dict>
			<key>E4C2427710CC5ABF004149E2</key>
			<dict>
				<key>buildActionMask</key>
				<string>2147483647</string>
				<key>dstPath</key>
				<string />
				<key>dstSubfolderSpec</key>
				<string>10</string>
				<key>files</key>
				<array />
				<key>isa</key>
				<string>PBXCopyFilesBuildPhase</string>
				<key>runOnlyForDeploymentPostprocessing</key>
				<string>0</string>
			</dict>
			<key>E4EB691F138AFCF100A09F29</key>
			<dict>
				<key>fileEncoding</key>
				<string>4</string>
				<key>isa</key>
				<string>PBXFileReference</string>
				<key>lastKnownFileType</key>
				<string>text.xcconfig</string>
				<key>name</key>
				<string>CoreOF.xcconfig</string>
				<key>path</key>
				<string>../../../../../../../OpenFrameworks/of_v0.10.0_osx_release/libs/openFrameworksCompiled/project/osx/CoreOF.xcconfig</string>
				<key>sourceTree</key>
				<string>SOURCE_ROOT</string>
			</dict>
			<key>E4EB6923138AFD0F00A09F29</key>
			<dict>
				<key>fileEncoding</key>
				<string>4</string>
				<key>isa</key>
				<string>PBXFileReference</string>
				<key>lastKnownFileType</key>
				<string>text.xcconfig</string>
				<key>path</key>
				<string>Project.xcconfig</string>
				<key>sourceTree</key>
				<string>&lt;group&gt;</string>
			</dict>
			<key>E4EEB9AB138B136A00A80321</key>
			<dict>
				<key>containerPortal</key>
				<string>E4328143138ABC890047C5CB</string>
				<key>isa</key>
				<string>PBXContainerItemProxy</string>
				<key>proxyType</key>
				<string>1</string>
				<key>remoteGlobalIDString</key>
				<string>E4B27C1410CBEB8E00536013</string>
				<key>remoteInfo</key>
				<string>openFrameworks</string>
			</dict>
			<key>E4EEB9AC138B136A00A80321</key>
			<dict>
				<key>isa</key>
				<string>PBXTargetDependency</string>
				<key>name</key>
				<string>openFrameworks</string>
				<key>targetProxy</key>
				<string>E4EEB9AB138B136A00A80321</string>
			</dict>
			<key>E4EEC9E9138DF44700A80321</key>
			<dict>
				<key>children</key>
				<array>
					<string>E4EB691F138AFCF100A09F29</string>
					<string>E4328143138ABC890047C5CB</string>
				</array>
				<key>isa</key>
				<string>PBXGroup</string>
				<key>name</key>
				<string>openFrameworks</string>
				<key>sourceTree</key>
				<string>&lt;group&gt;</string>
			</dict>
		</dict>
		<key>rootObject</key>
		<string>E4B69B4C0A3A1720003C02F2</string>
	</dict>
</plist>
